// !$*UTF8*$!
{
	archiveVersion = 1;
	classes = {
	};
	objectVersion = 56;
	objects = {

/* Begin PBXBuildFile section */
		4CE0DA3443167E0781D7B84B /* Pods_RNEmbraceTracerProviderPlaceholder.framework in Frameworks */ = {isa = PBXBuildFile; fileRef = 2E1F53925FF338F7CA982963 /* Pods_RNEmbraceTracerProviderPlaceholder.framework */; };
		6DED2F552CE514B200A9735A /* RNEmbraceTracerProviderPlaceholder.framework in Frameworks */ = {isa = PBXBuildFile; fileRef = 6DED2F4C2CE514B200A9735A /* RNEmbraceTracerProviderPlaceholder.framework */; };
		6DED2F692CE5193400A9735A /* RNEmbraceTracerProviderTests.swift in Sources */ = {isa = PBXBuildFile; fileRef = 6DED2F672CE5193400A9735A /* RNEmbraceTracerProviderTests.swift */; };
		9DECAF394B51E7F2DDF3CCF8 /* Pods_RNEmbraceTracerProviderPlaceholder_RNEmbraceTracerProviderTests.framework in Frameworks */ = {isa = PBXBuildFile; fileRef = 44C843F4631102AF0B8D1CD3 /* Pods_RNEmbraceTracerProviderPlaceholder_RNEmbraceTracerProviderTests.framework */; };
/* End PBXBuildFile section */

/* Begin PBXContainerItemProxy section */
		6DED2F562CE514B200A9735A /* PBXContainerItemProxy */ = {
			isa = PBXContainerItemProxy;
			containerPortal = 6DED2F432CE514B200A9735A /* Project object */;
			proxyType = 1;
			remoteGlobalIDString = 6DED2F4B2CE514B200A9735A;
			remoteInfo = RNEmbraceTracerProvider;
		};
/* End PBXContainerItemProxy section */

/* Begin PBXFileReference section */
		1E4613A8EA82F96D95FEC167 /* Pods-RNEmbraceTracerProviderPlaceholder-RNEmbraceTracerProviderTests.release.xcconfig */ = {isa = PBXFileReference; includeInIndex = 1; lastKnownFileType = text.xcconfig; name = "Pods-RNEmbraceTracerProviderPlaceholder-RNEmbraceTracerProviderTests.release.xcconfig"; path = "Target Support Files/Pods-RNEmbraceTracerProviderPlaceholder-RNEmbraceTracerProviderTests/Pods-RNEmbraceTracerProviderPlaceholder-RNEmbraceTracerProviderTests.release.xcconfig"; sourceTree = "<group>"; };
		2E1F53925FF338F7CA982963 /* Pods_RNEmbraceTracerProviderPlaceholder.framework */ = {isa = PBXFileReference; explicitFileType = wrapper.framework; includeInIndex = 0; path = Pods_RNEmbraceTracerProviderPlaceholder.framework; sourceTree = BUILT_PRODUCTS_DIR; };
		44C843F4631102AF0B8D1CD3 /* Pods_RNEmbraceTracerProviderPlaceholder_RNEmbraceTracerProviderTests.framework */ = {isa = PBXFileReference; explicitFileType = wrapper.framework; includeInIndex = 0; path = Pods_RNEmbraceTracerProviderPlaceholder_RNEmbraceTracerProviderTests.framework; sourceTree = BUILT_PRODUCTS_DIR; };
		6DED2F4C2CE514B200A9735A /* RNEmbraceTracerProviderPlaceholder.framework */ = {isa = PBXFileReference; explicitFileType = wrapper.framework; includeInIndex = 0; path = RNEmbraceTracerProviderPlaceholder.framework; sourceTree = BUILT_PRODUCTS_DIR; };
		6DED2F542CE514B200A9735A /* RNEmbraceTracerProviderTests.xctest */ = {isa = PBXFileReference; explicitFileType = wrapper.cfbundle; includeInIndex = 0; path = RNEmbraceTracerProviderTests.xctest; sourceTree = BUILT_PRODUCTS_DIR; };
		6DED2F672CE5193400A9735A /* RNEmbraceTracerProviderTests.swift */ = {isa = PBXFileReference; lastKnownFileType = sourcecode.swift; path = RNEmbraceTracerProviderTests.swift; sourceTree = "<group>"; };
		79691F4140105E088979D5AE /* Pods-RNEmbraceTracerProviderPlaceholder-RNEmbraceTracerProviderTests.debug.xcconfig */ = {isa = PBXFileReference; includeInIndex = 1; lastKnownFileType = text.xcconfig; name = "Pods-RNEmbraceTracerProviderPlaceholder-RNEmbraceTracerProviderTests.debug.xcconfig"; path = "Target Support Files/Pods-RNEmbraceTracerProviderPlaceholder-RNEmbraceTracerProviderTests/Pods-RNEmbraceTracerProviderPlaceholder-RNEmbraceTracerProviderTests.debug.xcconfig"; sourceTree = "<group>"; };
		9F4418DF9A8E2AD9A2107B3D /* Pods-RNEmbraceTracerProviderPlaceholder.release.xcconfig */ = {isa = PBXFileReference; includeInIndex = 1; lastKnownFileType = text.xcconfig; name = "Pods-RNEmbraceTracerProviderPlaceholder.release.xcconfig"; path = "Target Support Files/Pods-RNEmbraceTracerProviderPlaceholder/Pods-RNEmbraceTracerProviderPlaceholder.release.xcconfig"; sourceTree = "<group>"; };
		C53BDEAEB2C321E6F2BE5493 /* Pods-RNEmbraceTracerProviderPlaceholder.debug.xcconfig */ = {isa = PBXFileReference; includeInIndex = 1; lastKnownFileType = text.xcconfig; name = "Pods-RNEmbraceTracerProviderPlaceholder.debug.xcconfig"; path = "Target Support Files/Pods-RNEmbraceTracerProviderPlaceholder/Pods-RNEmbraceTracerProviderPlaceholder.debug.xcconfig"; sourceTree = "<group>"; };
/* End PBXFileReference section */

/* Begin PBXFrameworksBuildPhase section */
		6DED2F492CE514B200A9735A /* Frameworks */ = {
			isa = PBXFrameworksBuildPhase;
			buildActionMask = 2147483647;
			files = (
				4CE0DA3443167E0781D7B84B /* Pods_RNEmbraceTracerProviderPlaceholder.framework in Frameworks */,
			);
			runOnlyForDeploymentPostprocessing = 0;
		};
		6DED2F512CE514B200A9735A /* Frameworks */ = {
			isa = PBXFrameworksBuildPhase;
			buildActionMask = 2147483647;
			files = (
				6DED2F552CE514B200A9735A /* RNEmbraceTracerProviderPlaceholder.framework in Frameworks */,
				9DECAF394B51E7F2DDF3CCF8 /* Pods_RNEmbraceTracerProviderPlaceholder_RNEmbraceTracerProviderTests.framework in Frameworks */,
			);
			runOnlyForDeploymentPostprocessing = 0;
		};
/* End PBXFrameworksBuildPhase section */

/* Begin PBXGroup section */
		6DED2F422CE514B200A9735A = {
			isa = PBXGroup;
			children = (
				6DED2F682CE5193400A9735A /* RNEmbraceTracerProviderTests */,
				6DED2F4D2CE514B200A9735A /* Products */,
				E1094929286AD5D4445E7AD2 /* Pods */,
				9F32574E8D2F7DD80A6F98E9 /* Frameworks */,
			);
			sourceTree = "<group>";
		};
		6DED2F4D2CE514B200A9735A /* Products */ = {
			isa = PBXGroup;
			children = (
				6DED2F4C2CE514B200A9735A /* RNEmbraceTracerProviderPlaceholder.framework */,
				6DED2F542CE514B200A9735A /* RNEmbraceTracerProviderTests.xctest */,
			);
			name = Products;
			sourceTree = "<group>";
		};
		6DED2F682CE5193400A9735A /* RNEmbraceTracerProviderTests */ = {
			isa = PBXGroup;
			children = (
				6DED2F672CE5193400A9735A /* RNEmbraceTracerProviderTests.swift */,
			);
			path = RNEmbraceTracerProviderTests;
			sourceTree = "<group>";
		};
		9F32574E8D2F7DD80A6F98E9 /* Frameworks */ = {
			isa = PBXGroup;
			children = (
				2E1F53925FF338F7CA982963 /* Pods_RNEmbraceTracerProviderPlaceholder.framework */,
				44C843F4631102AF0B8D1CD3 /* Pods_RNEmbraceTracerProviderPlaceholder_RNEmbraceTracerProviderTests.framework */,
			);
			name = Frameworks;
			sourceTree = "<group>";
		};
		E1094929286AD5D4445E7AD2 /* Pods */ = {
			isa = PBXGroup;
			children = (
				C53BDEAEB2C321E6F2BE5493 /* Pods-RNEmbraceTracerProviderPlaceholder.debug.xcconfig */,
				9F4418DF9A8E2AD9A2107B3D /* Pods-RNEmbraceTracerProviderPlaceholder.release.xcconfig */,
				79691F4140105E088979D5AE /* Pods-RNEmbraceTracerProviderPlaceholder-RNEmbraceTracerProviderTests.debug.xcconfig */,
				1E4613A8EA82F96D95FEC167 /* Pods-RNEmbraceTracerProviderPlaceholder-RNEmbraceTracerProviderTests.release.xcconfig */,
			);
			path = Pods;
			sourceTree = "<group>";
		};
/* End PBXGroup section */

/* Begin PBXHeadersBuildPhase section */
		6DED2F472CE514B200A9735A /* Headers */ = {
			isa = PBXHeadersBuildPhase;
			buildActionMask = 2147483647;
			files = (
			);
			runOnlyForDeploymentPostprocessing = 0;
		};
/* End PBXHeadersBuildPhase section */

/* Begin PBXNativeTarget section */
		6DED2F4B2CE514B200A9735A /* RNEmbraceTracerProviderPlaceholder */ = {
			isa = PBXNativeTarget;
			buildConfigurationList = 6DED2F5D2CE514B200A9735A /* Build configuration list for PBXNativeTarget "RNEmbraceTracerProviderPlaceholder" */;
			buildPhases = (
				B86A4E53460A506CEFF5ADC5 /* [CP] Check Pods Manifest.lock */,
				6DED2F472CE514B200A9735A /* Headers */,
				6DED2F482CE514B200A9735A /* Sources */,
				6DED2F492CE514B200A9735A /* Frameworks */,
				6DED2F4A2CE514B200A9735A /* Resources */,
				95A89E74863A36217F698C2C /* [CP] Copy Pods Resources */,
			);
			buildRules = (
			);
			dependencies = (
			);
			name = RNEmbraceTracerProviderPlaceholder;
			productName = RNEmbraceTracerProvider;
			productReference = 6DED2F4C2CE514B200A9735A /* RNEmbraceTracerProviderPlaceholder.framework */;
			productType = "com.apple.product-type.framework";
		};
		6DED2F532CE514B200A9735A /* RNEmbraceTracerProviderTests */ = {
			isa = PBXNativeTarget;
			buildConfigurationList = 6DED2F622CE514B200A9735A /* Build configuration list for PBXNativeTarget "RNEmbraceTracerProviderTests" */;
			buildPhases = (
				E34A0E3ABE78F09AE2229FC1 /* [CP] Check Pods Manifest.lock */,
				6DED2F502CE514B200A9735A /* Sources */,
				6DED2F512CE514B200A9735A /* Frameworks */,
				6DED2F522CE514B200A9735A /* Resources */,
				65253349AC9A3867B0608977 /* [CP] Embed Pods Frameworks */,
				914BA7D0B2577781DA61DF01 /* [CP] Copy Pods Resources */,
			);
			buildRules = (
			);
			dependencies = (
				6DED2F572CE514B200A9735A /* PBXTargetDependency */,
			);
			name = RNEmbraceTracerProviderTests;
			productName = RNEmbraceTracerProviderTests;
			productReference = 6DED2F542CE514B200A9735A /* RNEmbraceTracerProviderTests.xctest */;
			productType = "com.apple.product-type.bundle.unit-test";
		};
/* End PBXNativeTarget section */

/* Begin PBXProject section */
		6DED2F432CE514B200A9735A /* Project object */ = {
			isa = PBXProject;
			attributes = {
				BuildIndependentTargetsInParallel = 1;
				LastSwiftUpdateCheck = 1610;
				LastUpgradeCheck = 1610;
				TargetAttributes = {
					6DED2F4B2CE514B200A9735A = {
						CreatedOnToolsVersion = 16.1;
					};
					6DED2F532CE514B200A9735A = {
						CreatedOnToolsVersion = 16.1;
					};
				};
			};
			buildConfigurationList = 6DED2F462CE514B200A9735A /* Build configuration list for PBXProject "RNEmbraceTracerProvider" */;
			compatibilityVersion = "Xcode 14.0";
			developmentRegion = en;
			hasScannedForEncodings = 0;
			knownRegions = (
				en,
				Base,
			);
			mainGroup = 6DED2F422CE514B200A9735A;
			packageReferences = (
				6D1FCC2A2E5D356000F87549 /* XCRemoteSwiftPackageReference "opentelemetry-swift" */,
			);
			productRefGroup = 6DED2F4D2CE514B200A9735A /* Products */;
			projectDirPath = "";
			projectRoot = "";
			targets = (
				6DED2F4B2CE514B200A9735A /* RNEmbraceTracerProviderPlaceholder */,
				6DED2F532CE514B200A9735A /* RNEmbraceTracerProviderTests */,
			);
		};
/* End PBXProject section */

/* Begin PBXResourcesBuildPhase section */
		6DED2F4A2CE514B200A9735A /* Resources */ = {
			isa = PBXResourcesBuildPhase;
			buildActionMask = 2147483647;
			files = (
			);
			runOnlyForDeploymentPostprocessing = 0;
		};
		6DED2F522CE514B200A9735A /* Resources */ = {
			isa = PBXResourcesBuildPhase;
			buildActionMask = 2147483647;
			files = (
			);
			runOnlyForDeploymentPostprocessing = 0;
		};
/* End PBXResourcesBuildPhase section */

/* Begin PBXShellScriptBuildPhase section */
		65253349AC9A3867B0608977 /* [CP] Embed Pods Frameworks */ = {
			isa = PBXShellScriptBuildPhase;
			buildActionMask = 2147483647;
			files = (
			);
			inputFileListPaths = (
				"${PODS_ROOT}/Target Support Files/Pods-RNEmbraceTracerProviderPlaceholder-RNEmbraceTracerProviderTests/Pods-RNEmbraceTracerProviderPlaceholder-RNEmbraceTracerProviderTests-frameworks-${CONFIGURATION}-input-files.xcfilelist",
			);
			inputPaths = (
			);
			name = "[CP] Embed Pods Frameworks";
			outputFileListPaths = (
				"${PODS_ROOT}/Target Support Files/Pods-RNEmbraceTracerProviderPlaceholder-RNEmbraceTracerProviderTests/Pods-RNEmbraceTracerProviderPlaceholder-RNEmbraceTracerProviderTests-frameworks-${CONFIGURATION}-output-files.xcfilelist",
			);
			outputPaths = (
			);
			runOnlyForDeploymentPostprocessing = 0;
			shellPath = /bin/sh;
			shellScript = "\"${PODS_ROOT}/Target Support Files/Pods-RNEmbraceTracerProviderPlaceholder-RNEmbraceTracerProviderTests/Pods-RNEmbraceTracerProviderPlaceholder-RNEmbraceTracerProviderTests-frameworks.sh\"\n";
			showEnvVarsInLog = 0;
		};
		914BA7D0B2577781DA61DF01 /* [CP] Copy Pods Resources */ = {
			isa = PBXShellScriptBuildPhase;
			buildActionMask = 2147483647;
			files = (
			);
			inputFileListPaths = (
				"${PODS_ROOT}/Target Support Files/Pods-RNEmbraceTracerProviderPlaceholder-RNEmbraceTracerProviderTests/Pods-RNEmbraceTracerProviderPlaceholder-RNEmbraceTracerProviderTests-resources-${CONFIGURATION}-input-files.xcfilelist",
			);
			inputPaths = (
			);
			name = "[CP] Copy Pods Resources";
			outputFileListPaths = (
				"${PODS_ROOT}/Target Support Files/Pods-RNEmbraceTracerProviderPlaceholder-RNEmbraceTracerProviderTests/Pods-RNEmbraceTracerProviderPlaceholder-RNEmbraceTracerProviderTests-resources-${CONFIGURATION}-output-files.xcfilelist",
			);
			outputPaths = (
			);
			runOnlyForDeploymentPostprocessing = 0;
			shellPath = /bin/sh;
			shellScript = "\"${PODS_ROOT}/Target Support Files/Pods-RNEmbraceTracerProviderPlaceholder-RNEmbraceTracerProviderTests/Pods-RNEmbraceTracerProviderPlaceholder-RNEmbraceTracerProviderTests-resources.sh\"\n";
			showEnvVarsInLog = 0;
		};
		95A89E74863A36217F698C2C /* [CP] Copy Pods Resources */ = {
			isa = PBXShellScriptBuildPhase;
			buildActionMask = 2147483647;
			files = (
			);
			inputFileListPaths = (
				"${PODS_ROOT}/Target Support Files/Pods-RNEmbraceTracerProviderPlaceholder/Pods-RNEmbraceTracerProviderPlaceholder-resources-${CONFIGURATION}-input-files.xcfilelist",
			);
			inputPaths = (
			);
			name = "[CP] Copy Pods Resources";
			outputFileListPaths = (
				"${PODS_ROOT}/Target Support Files/Pods-RNEmbraceTracerProviderPlaceholder/Pods-RNEmbraceTracerProviderPlaceholder-resources-${CONFIGURATION}-output-files.xcfilelist",
			);
			outputPaths = (
			);
			runOnlyForDeploymentPostprocessing = 0;
			shellPath = /bin/sh;
			shellScript = "\"${PODS_ROOT}/Target Support Files/Pods-RNEmbraceTracerProviderPlaceholder/Pods-RNEmbraceTracerProviderPlaceholder-resources.sh\"\n";
			showEnvVarsInLog = 0;
		};
		B86A4E53460A506CEFF5ADC5 /* [CP] Check Pods Manifest.lock */ = {
			isa = PBXShellScriptBuildPhase;
			buildActionMask = 2147483647;
			files = (
			);
			inputFileListPaths = (
			);
			inputPaths = (
				"${PODS_PODFILE_DIR_PATH}/Podfile.lock",
				"${PODS_ROOT}/Manifest.lock",
			);
			name = "[CP] Check Pods Manifest.lock";
			outputFileListPaths = (
			);
			outputPaths = (
				"$(DERIVED_FILE_DIR)/Pods-RNEmbraceTracerProviderPlaceholder-checkManifestLockResult.txt",
			);
			runOnlyForDeploymentPostprocessing = 0;
			shellPath = /bin/sh;
			shellScript = "diff \"${PODS_PODFILE_DIR_PATH}/Podfile.lock\" \"${PODS_ROOT}/Manifest.lock\" > /dev/null\nif [ $? != 0 ] ; then\n    # print error to STDERR\n    echo \"error: The sandbox is not in sync with the Podfile.lock. Run 'pod install' or update your CocoaPods installation.\" >&2\n    exit 1\nfi\n# This output is used by Xcode 'outputs' to avoid re-running this script phase.\necho \"SUCCESS\" > \"${SCRIPT_OUTPUT_FILE_0}\"\n";
			showEnvVarsInLog = 0;
		};
		E34A0E3ABE78F09AE2229FC1 /* [CP] Check Pods Manifest.lock */ = {
			isa = PBXShellScriptBuildPhase;
			buildActionMask = 2147483647;
			files = (
			);
			inputFileListPaths = (
			);
			inputPaths = (
				"${PODS_PODFILE_DIR_PATH}/Podfile.lock",
				"${PODS_ROOT}/Manifest.lock",
			);
			name = "[CP] Check Pods Manifest.lock";
			outputFileListPaths = (
			);
			outputPaths = (
				"$(DERIVED_FILE_DIR)/Pods-RNEmbraceTracerProviderPlaceholder-RNEmbraceTracerProviderTests-checkManifestLockResult.txt",
			);
			runOnlyForDeploymentPostprocessing = 0;
			shellPath = /bin/sh;
			shellScript = "diff \"${PODS_PODFILE_DIR_PATH}/Podfile.lock\" \"${PODS_ROOT}/Manifest.lock\" > /dev/null\nif [ $? != 0 ] ; then\n    # print error to STDERR\n    echo \"error: The sandbox is not in sync with the Podfile.lock. Run 'pod install' or update your CocoaPods installation.\" >&2\n    exit 1\nfi\n# This output is used by Xcode 'outputs' to avoid re-running this script phase.\necho \"SUCCESS\" > \"${SCRIPT_OUTPUT_FILE_0}\"\n";
			showEnvVarsInLog = 0;
		};
/* End PBXShellScriptBuildPhase section */

/* Begin PBXSourcesBuildPhase section */
		6DED2F482CE514B200A9735A /* Sources */ = {
			isa = PBXSourcesBuildPhase;
			buildActionMask = 2147483647;
			files = (
			);
			runOnlyForDeploymentPostprocessing = 0;
		};
		6DED2F502CE514B200A9735A /* Sources */ = {
			isa = PBXSourcesBuildPhase;
			buildActionMask = 2147483647;
			files = (
				6DED2F692CE5193400A9735A /* RNEmbraceTracerProviderTests.swift in Sources */,
			);
			runOnlyForDeploymentPostprocessing = 0;
		};
/* End PBXSourcesBuildPhase section */

/* Begin PBXTargetDependency section */
		6DED2F572CE514B200A9735A /* PBXTargetDependency */ = {
			isa = PBXTargetDependency;
			target = 6DED2F4B2CE514B200A9735A /* RNEmbraceTracerProviderPlaceholder */;
			targetProxy = 6DED2F562CE514B200A9735A /* PBXContainerItemProxy */;
		};
/* End PBXTargetDependency section */

/* Begin XCBuildConfiguration section */
		6DED2F5E2CE514B200A9735A /* Debug */ = {
			isa = XCBuildConfiguration;
			baseConfigurationReference = C53BDEAEB2C321E6F2BE5493 /* Pods-RNEmbraceTracerProviderPlaceholder.debug.xcconfig */;
			buildSettings = {
				BUILD_LIBRARY_FOR_DISTRIBUTION = NO;
				CODE_SIGN_IDENTITY = "";
				CODE_SIGN_STYLE = Automatic;
				CURRENT_PROJECT_VERSION = 1;
				DEFINES_MODULE = YES;
				DYLIB_COMPATIBILITY_VERSION = 1;
				DYLIB_CURRENT_VERSION = 1;
				DYLIB_INSTALL_NAME_BASE = "@rpath";
				ENABLE_MODULE_VERIFIER = YES;
				GENERATE_INFOPLIST_FILE = YES;
				INFOPLIST_KEY_NSHumanReadableCopyright = "";
				INSTALL_PATH = "$(LOCAL_LIBRARY_DIR)/Frameworks";
				IPHONEOS_DEPLOYMENT_TARGET = 17.5;
				LD_RUNPATH_SEARCH_PATHS = (
					"$(inherited)",
					"@executable_path/Frameworks",
					"@loader_path/Frameworks",
				);
				MARKETING_VERSION = 1.0;
				MODULE_VERIFIER_SUPPORTED_LANGUAGES = "objective-c objective-c++";
				MODULE_VERIFIER_SUPPORTED_LANGUAGE_STANDARDS = "gnu17 gnu++20";
				PRODUCT_BUNDLE_IDENTIFIER = io.embrace.RNEmbraceTracerProvider;
				PRODUCT_NAME = "$(TARGET_NAME:c99extidentifier)";
				SKIP_INSTALL = YES;
				SWIFT_EMIT_LOC_STRINGS = YES;
				SWIFT_INSTALL_OBJC_HEADER = NO;
				SWIFT_VERSION = 5.0;
				TARGETED_DEVICE_FAMILY = "1,2";
			};
			name = Debug;
		};
		6DED2F5F2CE514B200A9735A /* Release */ = {
			isa = XCBuildConfiguration;
			baseConfigurationReference = 9F4418DF9A8E2AD9A2107B3D /* Pods-RNEmbraceTracerProviderPlaceholder.release.xcconfig */;
			buildSettings = {
				BUILD_LIBRARY_FOR_DISTRIBUTION = NO;
				CODE_SIGN_IDENTITY = "";
				CODE_SIGN_STYLE = Automatic;
				CURRENT_PROJECT_VERSION = 1;
				DEFINES_MODULE = YES;
				DYLIB_COMPATIBILITY_VERSION = 1;
				DYLIB_CURRENT_VERSION = 1;
				DYLIB_INSTALL_NAME_BASE = "@rpath";
				ENABLE_MODULE_VERIFIER = YES;
				GENERATE_INFOPLIST_FILE = YES;
				INFOPLIST_KEY_NSHumanReadableCopyright = "";
				INSTALL_PATH = "$(LOCAL_LIBRARY_DIR)/Frameworks";
				IPHONEOS_DEPLOYMENT_TARGET = 17.5;
				LD_RUNPATH_SEARCH_PATHS = (
					"$(inherited)",
					"@executable_path/Frameworks",
					"@loader_path/Frameworks",
				);
				MARKETING_VERSION = 1.0;
				MODULE_VERIFIER_SUPPORTED_LANGUAGES = "objective-c objective-c++";
				MODULE_VERIFIER_SUPPORTED_LANGUAGE_STANDARDS = "gnu17 gnu++20";
				PRODUCT_BUNDLE_IDENTIFIER = io.embrace.RNEmbraceTracerProvider;
				PRODUCT_NAME = "$(TARGET_NAME:c99extidentifier)";
				SKIP_INSTALL = YES;
				SWIFT_EMIT_LOC_STRINGS = YES;
				SWIFT_INSTALL_OBJC_HEADER = NO;
				SWIFT_VERSION = 5.0;
				TARGETED_DEVICE_FAMILY = "1,2";
			};
			name = Release;
		};
		6DED2F602CE514B200A9735A /* Debug */ = {
			isa = XCBuildConfiguration;
			buildSettings = {
				ALWAYS_SEARCH_USER_PATHS = NO;
				ASSETCATALOG_COMPILER_GENERATE_SWIFT_ASSET_SYMBOL_EXTENSIONS = YES;
				CC = "";
				CLANG_ANALYZER_NONNULL = YES;
				CLANG_ANALYZER_NUMBER_OBJECT_CONVERSION = YES_AGGRESSIVE;
				CLANG_CXX_LANGUAGE_STANDARD = "c++20";
				CLANG_ENABLE_MODULES = YES;
				CLANG_ENABLE_OBJC_ARC = YES;
				CLANG_ENABLE_OBJC_WEAK = YES;
				CLANG_WARN_BLOCK_CAPTURE_AUTORELEASING = YES;
				CLANG_WARN_BOOL_CONVERSION = YES;
				CLANG_WARN_COMMA = YES;
				CLANG_WARN_CONSTANT_CONVERSION = YES;
				CLANG_WARN_DEPRECATED_OBJC_IMPLEMENTATIONS = YES;
				CLANG_WARN_DIRECT_OBJC_ISA_USAGE = YES_ERROR;
				CLANG_WARN_DOCUMENTATION_COMMENTS = YES;
				CLANG_WARN_EMPTY_BODY = YES;
				CLANG_WARN_ENUM_CONVERSION = YES;
				CLANG_WARN_INFINITE_RECURSION = YES;
				CLANG_WARN_INT_CONVERSION = YES;
				CLANG_WARN_NON_LITERAL_NULL_CONVERSION = YES;
				CLANG_WARN_OBJC_IMPLICIT_RETAIN_SELF = YES;
				CLANG_WARN_OBJC_LITERAL_CONVERSION = YES;
				CLANG_WARN_OBJC_ROOT_CLASS = YES_ERROR;
				CLANG_WARN_QUOTED_INCLUDE_IN_FRAMEWORK_HEADER = YES;
				CLANG_WARN_RANGE_LOOP_ANALYSIS = YES;
				CLANG_WARN_STRICT_PROTOTYPES = YES;
				CLANG_WARN_SUSPICIOUS_MOVE = YES;
				CLANG_WARN_UNGUARDED_AVAILABILITY = YES_AGGRESSIVE;
				CLANG_WARN_UNREACHABLE_CODE = YES;
				CLANG_WARN__DUPLICATE_METHOD_MATCH = YES;
				COPY_PHASE_STRIP = NO;
				CURRENT_PROJECT_VERSION = 1;
				CXX = "";
				DEBUG_INFORMATION_FORMAT = dwarf;
				ENABLE_STRICT_OBJC_MSGSEND = YES;
				ENABLE_TESTABILITY = YES;
				ENABLE_USER_SCRIPT_SANDBOXING = NO;
				GCC_C_LANGUAGE_STANDARD = gnu17;
				GCC_DYNAMIC_NO_PIC = NO;
				GCC_NO_COMMON_BLOCKS = YES;
				GCC_OPTIMIZATION_LEVEL = 0;
				GCC_PREPROCESSOR_DEFINITIONS = (
					"DEBUG=1",
					"$(inherited)",
				);
				GCC_WARN_64_TO_32_BIT_CONVERSION = YES;
				GCC_WARN_ABOUT_RETURN_TYPE = YES_ERROR;
				GCC_WARN_UNDECLARED_SELECTOR = YES;
				GCC_WARN_UNINITIALIZED_AUTOS = YES_AGGRESSIVE;
				GCC_WARN_UNUSED_FUNCTION = YES;
				GCC_WARN_UNUSED_VARIABLE = YES;
				HEADER_SEARCH_PATHS = (
					"$(inherited)",
					"${PODS_CONFIGURATION_BUILD_DIR}/ReactCommon/ReactCommon.framework/Headers",
					"${PODS_CONFIGURATION_BUILD_DIR}/ReactCommon/ReactCommon.framework/Headers/react/nativemodule/core",
					"${PODS_CONFIGURATION_BUILD_DIR}/ReactCommon-Samples/ReactCommon_Samples.framework/Headers",
					"${PODS_CONFIGURATION_BUILD_DIR}/ReactCommon-Samples/ReactCommon_Samples.framework/Headers/platform/ios",
					"${PODS_CONFIGURATION_BUILD_DIR}/React-Fabric/React_Fabric.framework/Headers/react/renderer/components/view/platform/cxx",
					"${PODS_CONFIGURATION_BUILD_DIR}/React-NativeModulesApple/React_NativeModulesApple.framework/Headers",
					"${PODS_CONFIGURATION_BUILD_DIR}/React-graphics/React_graphics.framework/Headers",
					"${PODS_CONFIGURATION_BUILD_DIR}/React-graphics/React_graphics.framework/Headers/react/renderer/graphics/platform/ios",
				);
				IPHONEOS_DEPLOYMENT_TARGET = 18.0;
				LD = "";
				LDPLUSPLUS = "";
				LOCALIZATION_PREFERS_STRING_CATALOGS = YES;
				MTL_ENABLE_DEBUG_INFO = INCLUDE_SOURCE;
				MTL_FAST_MATH = YES;
				ONLY_ACTIVE_ARCH = YES;
				OTHER_LDFLAGS = "$(inherited)  ";
				REACT_NATIVE_PATH = "${PODS_ROOT}/../../node_modules/react-native";
				SDKROOT = iphoneos;
				SWIFT_ACTIVE_COMPILATION_CONDITIONS = "$(inherited) DEBUG";
				SWIFT_OPTIMIZATION_LEVEL = "-Onone";
				USE_HERMES = true;
				VERSIONING_SYSTEM = "apple-generic";
				VERSION_INFO_PREFIX = "";
			};
			name = Debug;
		};
		6DED2F612CE514B200A9735A /* Release */ = {
			isa = XCBuildConfiguration;
			buildSettings = {
				ALWAYS_SEARCH_USER_PATHS = NO;
				ASSETCATALOG_COMPILER_GENERATE_SWIFT_ASSET_SYMBOL_EXTENSIONS = YES;
				CC = "";
				CLANG_ANALYZER_NONNULL = YES;
				CLANG_ANALYZER_NUMBER_OBJECT_CONVERSION = YES_AGGRESSIVE;
				CLANG_CXX_LANGUAGE_STANDARD = "c++20";
				CLANG_ENABLE_MODULES = YES;
				CLANG_ENABLE_OBJC_ARC = YES;
				CLANG_ENABLE_OBJC_WEAK = YES;
				CLANG_WARN_BLOCK_CAPTURE_AUTORELEASING = YES;
				CLANG_WARN_BOOL_CONVERSION = YES;
				CLANG_WARN_COMMA = YES;
				CLANG_WARN_CONSTANT_CONVERSION = YES;
				CLANG_WARN_DEPRECATED_OBJC_IMPLEMENTATIONS = YES;
				CLANG_WARN_DIRECT_OBJC_ISA_USAGE = YES_ERROR;
				CLANG_WARN_DOCUMENTATION_COMMENTS = YES;
				CLANG_WARN_EMPTY_BODY = YES;
				CLANG_WARN_ENUM_CONVERSION = YES;
				CLANG_WARN_INFINITE_RECURSION = YES;
				CLANG_WARN_INT_CONVERSION = YES;
				CLANG_WARN_NON_LITERAL_NULL_CONVERSION = YES;
				CLANG_WARN_OBJC_IMPLICIT_RETAIN_SELF = YES;
				CLANG_WARN_OBJC_LITERAL_CONVERSION = YES;
				CLANG_WARN_OBJC_ROOT_CLASS = YES_ERROR;
				CLANG_WARN_QUOTED_INCLUDE_IN_FRAMEWORK_HEADER = YES;
				CLANG_WARN_RANGE_LOOP_ANALYSIS = YES;
				CLANG_WARN_STRICT_PROTOTYPES = YES;
				CLANG_WARN_SUSPICIOUS_MOVE = YES;
				CLANG_WARN_UNGUARDED_AVAILABILITY = YES_AGGRESSIVE;
				CLANG_WARN_UNREACHABLE_CODE = YES;
				CLANG_WARN__DUPLICATE_METHOD_MATCH = YES;
				COPY_PHASE_STRIP = NO;
				CURRENT_PROJECT_VERSION = 1;
				CXX = "";
				DEBUG_INFORMATION_FORMAT = "dwarf-with-dsym";
				ENABLE_NS_ASSERTIONS = NO;
				ENABLE_STRICT_OBJC_MSGSEND = YES;
				ENABLE_USER_SCRIPT_SANDBOXING = NO;
				GCC_C_LANGUAGE_STANDARD = gnu17;
				GCC_NO_COMMON_BLOCKS = YES;
				GCC_WARN_64_TO_32_BIT_CONVERSION = YES;
				GCC_WARN_ABOUT_RETURN_TYPE = YES_ERROR;
				GCC_WARN_UNDECLARED_SELECTOR = YES;
				GCC_WARN_UNINITIALIZED_AUTOS = YES_AGGRESSIVE;
				GCC_WARN_UNUSED_FUNCTION = YES;
				GCC_WARN_UNUSED_VARIABLE = YES;
				HEADER_SEARCH_PATHS = (
					"$(inherited)",
					"${PODS_CONFIGURATION_BUILD_DIR}/ReactCommon/ReactCommon.framework/Headers",
					"${PODS_CONFIGURATION_BUILD_DIR}/ReactCommon/ReactCommon.framework/Headers/react/nativemodule/core",
					"${PODS_CONFIGURATION_BUILD_DIR}/ReactCommon-Samples/ReactCommon_Samples.framework/Headers",
					"${PODS_CONFIGURATION_BUILD_DIR}/ReactCommon-Samples/ReactCommon_Samples.framework/Headers/platform/ios",
					"${PODS_CONFIGURATION_BUILD_DIR}/React-Fabric/React_Fabric.framework/Headers/react/renderer/components/view/platform/cxx",
					"${PODS_CONFIGURATION_BUILD_DIR}/React-NativeModulesApple/React_NativeModulesApple.framework/Headers",
					"${PODS_CONFIGURATION_BUILD_DIR}/React-graphics/React_graphics.framework/Headers",
					"${PODS_CONFIGURATION_BUILD_DIR}/React-graphics/React_graphics.framework/Headers/react/renderer/graphics/platform/ios",
				);
				IPHONEOS_DEPLOYMENT_TARGET = 18.0;
				LD = "";
				LDPLUSPLUS = "";
				LOCALIZATION_PREFERS_STRING_CATALOGS = YES;
				MTL_ENABLE_DEBUG_INFO = NO;
				MTL_FAST_MATH = YES;
				OTHER_LDFLAGS = "$(inherited)  ";
				REACT_NATIVE_PATH = "${PODS_ROOT}/../../node_modules/react-native";
				SDKROOT = iphoneos;
				SWIFT_COMPILATION_MODE = wholemodule;
				USE_HERMES = true;
				VALIDATE_PRODUCT = YES;
				VERSIONING_SYSTEM = "apple-generic";
				VERSION_INFO_PREFIX = "";
			};
			name = Release;
		};
		6DED2F632CE514B200A9735A /* Debug */ = {
			isa = XCBuildConfiguration;
			baseConfigurationReference = 79691F4140105E088979D5AE /* Pods-RNEmbraceTracerProviderPlaceholder-RNEmbraceTracerProviderTests.debug.xcconfig */;
			buildSettings = {
				CODE_SIGN_STYLE = Manual;
				CURRENT_PROJECT_VERSION = 1;
				DEVELOPMENT_TEAM = "";
				GENERATE_INFOPLIST_FILE = YES;
				IPHONEOS_DEPLOYMENT_TARGET = 17.5;
				MARKETING_VERSION = 1.0;
				PRODUCT_BUNDLE_IDENTIFIER = io.embrace.RNEmbraceTracerProviderTests;
				PRODUCT_NAME = "$(TARGET_NAME)";
				PROVISIONING_PROFILE_SPECIFIER = "";
				SWIFT_EMIT_LOC_STRINGS = NO;
				SWIFT_VERSION = 5.0;
				TARGETED_DEVICE_FAMILY = "1,2";
			};
			name = Debug;
		};
		6DED2F642CE514B200A9735A /* Release */ = {
			isa = XCBuildConfiguration;
			baseConfigurationReference = 1E4613A8EA82F96D95FEC167 /* Pods-RNEmbraceTracerProviderPlaceholder-RNEmbraceTracerProviderTests.release.xcconfig */;
			buildSettings = {
				CODE_SIGN_STYLE = Manual;
				CURRENT_PROJECT_VERSION = 1;
				DEVELOPMENT_TEAM = "";
				GENERATE_INFOPLIST_FILE = YES;
				IPHONEOS_DEPLOYMENT_TARGET = 17.5;
				MARKETING_VERSION = 1.0;
				PRODUCT_BUNDLE_IDENTIFIER = io.embrace.RNEmbraceTracerProviderTests;
				PRODUCT_NAME = "$(TARGET_NAME)";
				PROVISIONING_PROFILE_SPECIFIER = "";
				SWIFT_EMIT_LOC_STRINGS = NO;
				SWIFT_VERSION = 5.0;
				TARGETED_DEVICE_FAMILY = "1,2";
			};
			name = Release;
		};
/* End XCBuildConfiguration section */

/* Begin XCConfigurationList section */
		6DED2F462CE514B200A9735A /* Build configuration list for PBXProject "RNEmbraceTracerProvider" */ = {
			isa = XCConfigurationList;
			buildConfigurations = (
				6DED2F602CE514B200A9735A /* Debug */,
				6DED2F612CE514B200A9735A /* Release */,
			);
			defaultConfigurationIsVisible = 0;
			defaultConfigurationName = Release;
		};
		6DED2F5D2CE514B200A9735A /* Build configuration list for PBXNativeTarget "RNEmbraceTracerProviderPlaceholder" */ = {
			isa = XCConfigurationList;
			buildConfigurations = (
				6DED2F5E2CE514B200A9735A /* Debug */,
				6DED2F5F2CE514B200A9735A /* Release */,
			);
			defaultConfigurationIsVisible = 0;
			defaultConfigurationName = Release;
		};
		6DED2F622CE514B200A9735A /* Build configuration list for PBXNativeTarget "RNEmbraceTracerProviderTests" */ = {
			isa = XCConfigurationList;
			buildConfigurations = (
				6DED2F632CE514B200A9735A /* Debug */,
				6DED2F642CE514B200A9735A /* Release */,
			);
			defaultConfigurationIsVisible = 0;
			defaultConfigurationName = Release;
		};
/* End XCConfigurationList section */

/* Begin XCRemoteSwiftPackageReference section */
		6D1FCC2A2E5D356000F87549 /* XCRemoteSwiftPackageReference "opentelemetry-swift" */ = {
			isa = XCRemoteSwiftPackageReference;
			repositoryURL = "https://github.com/open-telemetry/opentelemetry-swift";
			requirement = {
				kind = exactVersion;
				version = 2.0.0;
			};
		};
/* End XCRemoteSwiftPackageReference section */
	};
	rootObject = 6DED2F432CE514B200A9735A /* Project object */;
}
