// !$*UTF8*$!
{
	archiveVersion = 1;
	classes = {
	};
	objectVersion = 56;
	objects = {

/* Begin PBXBuildFile section */
		6D2523B92CC800C7000ECCEA /* RNEmbraceOTLPPlaceholder.framework in Frameworks */ = {isa = PBXBuildFile; fileRef = 6D2523B12CC800C7000ECCEA /* RNEmbraceOTLPPlaceholder.framework */; };
		6D2523C92CC800ED000ECCEA /* RNEmbraceOTLPTests.swift in Sources */ = {isa = PBXBuildFile; fileRef = 6D2523C72CC800ED000ECCEA /* RNEmbraceOTLPTests.swift */; };
		B9AA61AB17D664706997328B /* libPods-RNEmbraceOTLPPlaceholder-RNEmbraceOTLPTests.a in Frameworks */ = {isa = PBXBuildFile; fileRef = 4BBBA44889A34BDA2EC3C53B /* libPods-RNEmbraceOTLPPlaceholder-RNEmbraceOTLPTests.a */; };
		BF26F3F420F53CF0FEC26B7A /* libPods-RNEmbraceOTLPPlaceholder.a in Frameworks */ = {isa = PBXBuildFile; fileRef = 2FB7514DC0F53BE10B14777F /* libPods-RNEmbraceOTLPPlaceholder.a */; };
/* End PBXBuildFile section */

/* Begin PBXContainerItemProxy section */
		6D2523BA2CC800C7000ECCEA /* PBXContainerItemProxy */ = {
			isa = PBXContainerItemProxy;
			containerPortal = 6D2523102CC7F350000ECCEA /* Project object */;
			proxyType = 1;
			remoteGlobalIDString = 6D2523B02CC800C7000ECCEA;
			remoteInfo = RNEmbraceOTLP;
		};
/* End PBXContainerItemProxy section */

/* Begin PBXFileReference section */
		0948BFA938D7F2B2D0C14452 /* Pods-RNEmbraceOTLPPlaceholder-RNEmbraceOTLPTests.debug.xcconfig */ = {isa = PBXFileReference; includeInIndex = 1; lastKnownFileType = text.xcconfig; name = "Pods-RNEmbraceOTLPPlaceholder-RNEmbraceOTLPTests.debug.xcconfig"; path = "Target Support Files/Pods-RNEmbraceOTLPPlaceholder-RNEmbraceOTLPTests/Pods-RNEmbraceOTLPPlaceholder-RNEmbraceOTLPTests.debug.xcconfig"; sourceTree = "<group>"; };
		1524127FF50FC154EBDE6CB6 /* Pods-RNEmbraceOTLPPlaceholder-RNEmbraceOTLPTests.release.xcconfig */ = {isa = PBXFileReference; includeInIndex = 1; lastKnownFileType = text.xcconfig; name = "Pods-RNEmbraceOTLPPlaceholder-RNEmbraceOTLPTests.release.xcconfig"; path = "Target Support Files/Pods-RNEmbraceOTLPPlaceholder-RNEmbraceOTLPTests/Pods-RNEmbraceOTLPPlaceholder-RNEmbraceOTLPTests.release.xcconfig"; sourceTree = "<group>"; };
		2FB7514DC0F53BE10B14777F /* libPods-RNEmbraceOTLPPlaceholder.a */ = {isa = PBXFileReference; explicitFileType = archive.ar; includeInIndex = 0; path = "libPods-RNEmbraceOTLPPlaceholder.a"; sourceTree = BUILT_PRODUCTS_DIR; };
		3455BAB2645C45A85642148B /* Pods-RNEmbraceOTLPPlaceholder.debug.xcconfig */ = {isa = PBXFileReference; includeInIndex = 1; lastKnownFileType = text.xcconfig; name = "Pods-RNEmbraceOTLPPlaceholder.debug.xcconfig"; path = "Target Support Files/Pods-RNEmbraceOTLPPlaceholder/Pods-RNEmbraceOTLPPlaceholder.debug.xcconfig"; sourceTree = "<group>"; };
		4BBBA44889A34BDA2EC3C53B /* libPods-RNEmbraceOTLPPlaceholder-RNEmbraceOTLPTests.a */ = {isa = PBXFileReference; explicitFileType = archive.ar; includeInIndex = 0; path = "libPods-RNEmbraceOTLPPlaceholder-RNEmbraceOTLPTests.a"; sourceTree = BUILT_PRODUCTS_DIR; };
		6D2523B12CC800C7000ECCEA /* RNEmbraceOTLPPlaceholder.framework */ = {isa = PBXFileReference; explicitFileType = wrapper.framework; includeInIndex = 0; path = RNEmbraceOTLPPlaceholder.framework; sourceTree = BUILT_PRODUCTS_DIR; };
		6D2523B82CC800C7000ECCEA /* RNEmbraceOTLPTests.xctest */ = {isa = PBXFileReference; explicitFileType = wrapper.cfbundle; includeInIndex = 0; path = RNEmbraceOTLPTests.xctest; sourceTree = BUILT_PRODUCTS_DIR; };
		6D2523C72CC800ED000ECCEA /* RNEmbraceOTLPTests.swift */ = {isa = PBXFileReference; lastKnownFileType = sourcecode.swift; path = RNEmbraceOTLPTests.swift; sourceTree = "<group>"; };
		B85891B0919E5CE773E55A71 /* Pods-RNEmbraceOTLPPlaceholder.release.xcconfig */ = {isa = PBXFileReference; includeInIndex = 1; lastKnownFileType = text.xcconfig; name = "Pods-RNEmbraceOTLPPlaceholder.release.xcconfig"; path = "Target Support Files/Pods-RNEmbraceOTLPPlaceholder/Pods-RNEmbraceOTLPPlaceholder.release.xcconfig"; sourceTree = "<group>"; };
/* End PBXFileReference section */

/* Begin PBXFrameworksBuildPhase section */
		6D2523AE2CC800C7000ECCEA /* Frameworks */ = {
			isa = PBXFrameworksBuildPhase;
			buildActionMask = 2147483647;
			files = (
				BF26F3F420F53CF0FEC26B7A /* libPods-RNEmbraceOTLPPlaceholder.a in Frameworks */,
			);
			runOnlyForDeploymentPostprocessing = 0;
		};
		6D2523B52CC800C7000ECCEA /* Frameworks */ = {
			isa = PBXFrameworksBuildPhase;
			buildActionMask = 2147483647;
			files = (
				6D2523B92CC800C7000ECCEA /* RNEmbraceOTLPPlaceholder.framework in Frameworks */,
				B9AA61AB17D664706997328B /* libPods-RNEmbraceOTLPPlaceholder-RNEmbraceOTLPTests.a in Frameworks */,
			);
			runOnlyForDeploymentPostprocessing = 0;
		};
/* End PBXFrameworksBuildPhase section */

/* Begin PBXGroup section */
		2C8196A954D44BFC365ECA1F /* Pods */ = {
			isa = PBXGroup;
			children = (
				3455BAB2645C45A85642148B /* Pods-RNEmbraceOTLPPlaceholder.debug.xcconfig */,
				B85891B0919E5CE773E55A71 /* Pods-RNEmbraceOTLPPlaceholder.release.xcconfig */,
				0948BFA938D7F2B2D0C14452 /* Pods-RNEmbraceOTLPPlaceholder-RNEmbraceOTLPTests.debug.xcconfig */,
				1524127FF50FC154EBDE6CB6 /* Pods-RNEmbraceOTLPPlaceholder-RNEmbraceOTLPTests.release.xcconfig */,
			);
			path = Pods;
			sourceTree = "<group>";
		};
		6D25230F2CC7F350000ECCEA = {
			isa = PBXGroup;
			children = (
				6D2523C82CC800ED000ECCEA /* RNEmbraceOTLPTests */,
				6D25231A2CC7F350000ECCEA /* Products */,
				2C8196A954D44BFC365ECA1F /* Pods */,
				D950FF5641C08FBAEAD5215B /* Frameworks */,
			);
			sourceTree = "<group>";
		};
		6D25231A2CC7F350000ECCEA /* Products */ = {
			isa = PBXGroup;
			children = (
				6D2523B12CC800C7000ECCEA /* RNEmbraceOTLPPlaceholder.framework */,
				6D2523B82CC800C7000ECCEA /* RNEmbraceOTLPTests.xctest */,
			);
			name = Products;
			sourceTree = "<group>";
		};
		6D2523C82CC800ED000ECCEA /* RNEmbraceOTLPTests */ = {
			isa = PBXGroup;
			children = (
				6D2523C72CC800ED000ECCEA /* RNEmbraceOTLPTests.swift */,
			);
			path = RNEmbraceOTLPTests;
			sourceTree = "<group>";
		};
		D950FF5641C08FBAEAD5215B /* Frameworks */ = {
			isa = PBXGroup;
			children = (
				2FB7514DC0F53BE10B14777F /* libPods-RNEmbraceOTLPPlaceholder.a */,
				4BBBA44889A34BDA2EC3C53B /* libPods-RNEmbraceOTLPPlaceholder-RNEmbraceOTLPTests.a */,
			);
			name = Frameworks;
			sourceTree = "<group>";
		};
/* End PBXGroup section */

/* Begin PBXHeadersBuildPhase section */
		6D2523AC2CC800C7000ECCEA /* Headers */ = {
			isa = PBXHeadersBuildPhase;
			buildActionMask = 2147483647;
			files = (
			);
			runOnlyForDeploymentPostprocessing = 0;
		};
/* End PBXHeadersBuildPhase section */

/* Begin PBXNativeTarget section */
		6D2523B02CC800C7000ECCEA /* RNEmbraceOTLPPlaceholder */ = {
			isa = PBXNativeTarget;
			buildConfigurationList = 6D2523C12CC800C8000ECCEA /* Build configuration list for PBXNativeTarget "RNEmbraceOTLPPlaceholder" */;
			buildPhases = (
				7103C9299D83DE633ADB325A /* [CP] Check Pods Manifest.lock */,
				6D2523AC2CC800C7000ECCEA /* Headers */,
				6D2523AD2CC800C7000ECCEA /* Sources */,
				6D2523AE2CC800C7000ECCEA /* Frameworks */,
				6D2523AF2CC800C7000ECCEA /* Resources */,
				5F70CE661573B1A5E5FAEB5A /* [CP] Copy Pods Resources */,
			);
			buildRules = (
			);
			dependencies = (
			);
			name = RNEmbraceOTLPPlaceholder;
			productName = RNEmbraceOTLP;
			productReference = 6D2523B12CC800C7000ECCEA /* RNEmbraceOTLPPlaceholder.framework */;
			productType = "com.apple.product-type.framework";
		};
		6D2523B72CC800C7000ECCEA /* RNEmbraceOTLPTests */ = {
			isa = PBXNativeTarget;
			buildConfigurationList = 6D2523C42CC800C8000ECCEA /* Build configuration list for PBXNativeTarget "RNEmbraceOTLPTests" */;
			buildPhases = (
				FD8A49D040F243C02F0CA0EF /* [CP] Check Pods Manifest.lock */,
				6D2523B42CC800C7000ECCEA /* Sources */,
				6D2523B52CC800C7000ECCEA /* Frameworks */,
				6D2523B62CC800C7000ECCEA /* Resources */,
				9DCBD691759D13C10C541A51 /* [CP] Embed Pods Frameworks */,
				84CA008E86A89E880EDD3558 /* [CP] Copy Pods Resources */,
			);
			buildRules = (
			);
			dependencies = (
				6D2523BB2CC800C7000ECCEA /* PBXTargetDependency */,
			);
			name = RNEmbraceOTLPTests;
			productName = RNEmbraceOTLPTests;
			productReference = 6D2523B82CC800C7000ECCEA /* RNEmbraceOTLPTests.xctest */;
			productType = "com.apple.product-type.bundle.unit-test";
		};
/* End PBXNativeTarget section */

/* Begin PBXProject section */
		6D2523102CC7F350000ECCEA /* Project object */ = {
			isa = PBXProject;
			attributes = {
				BuildIndependentTargetsInParallel = 1;
				LastSwiftUpdateCheck = 1600;
				LastUpgradeCheck = 1600;
				TargetAttributes = {
					6D2523B02CC800C7000ECCEA = {
						CreatedOnToolsVersion = 16.0;
					};
					6D2523B72CC800C7000ECCEA = {
						CreatedOnToolsVersion = 16.0;
					};
				};
			};
			buildConfigurationList = 6D2523132CC7F350000ECCEA /* Build configuration list for PBXProject "RNEmbraceOTLPTests" */;
			compatibilityVersion = "Xcode 14.0";
			developmentRegion = en;
			hasScannedForEncodings = 0;
			knownRegions = (
				en,
				Base,
			);
			mainGroup = 6D25230F2CC7F350000ECCEA;
			productRefGroup = 6D25231A2CC7F350000ECCEA /* Products */;
			projectDirPath = "";
			projectRoot = "";
			targets = (
				6D2523B02CC800C7000ECCEA /* RNEmbraceOTLPPlaceholder */,
				6D2523B72CC800C7000ECCEA /* RNEmbraceOTLPTests */,
			);
		};
/* End PBXProject section */

/* Begin PBXResourcesBuildPhase section */
		6D2523AF2CC800C7000ECCEA /* Resources */ = {
			isa = PBXResourcesBuildPhase;
			buildActionMask = 2147483647;
			files = (
			);
			runOnlyForDeploymentPostprocessing = 0;
		};
		6D2523B62CC800C7000ECCEA /* Resources */ = {
			isa = PBXResourcesBuildPhase;
			buildActionMask = 2147483647;
			files = (
			);
			runOnlyForDeploymentPostprocessing = 0;
		};
/* End PBXResourcesBuildPhase section */

/* Begin PBXShellScriptBuildPhase section */
		5F70CE661573B1A5E5FAEB5A /* [CP] Copy Pods Resources */ = {
			isa = PBXShellScriptBuildPhase;
			buildActionMask = 2147483647;
			files = (
			);
			inputFileListPaths = (
				"${PODS_ROOT}/Target Support Files/Pods-RNEmbraceOTLPPlaceholder/Pods-RNEmbraceOTLPPlaceholder-resources-${CONFIGURATION}-input-files.xcfilelist",
			);
			name = "[CP] Copy Pods Resources";
			outputFileListPaths = (
				"${PODS_ROOT}/Target Support Files/Pods-RNEmbraceOTLPPlaceholder/Pods-RNEmbraceOTLPPlaceholder-resources-${CONFIGURATION}-output-files.xcfilelist",
			);
			runOnlyForDeploymentPostprocessing = 0;
			shellPath = /bin/sh;
			shellScript = "\"${PODS_ROOT}/Target Support Files/Pods-RNEmbraceOTLPPlaceholder/Pods-RNEmbraceOTLPPlaceholder-resources.sh\"\n";
			showEnvVarsInLog = 0;
		};
		7103C9299D83DE633ADB325A /* [CP] Check Pods Manifest.lock */ = {
			isa = PBXShellScriptBuildPhase;
			buildActionMask = 2147483647;
			files = (
			);
			inputFileListPaths = (
			);
			inputPaths = (
				"${PODS_PODFILE_DIR_PATH}/Podfile.lock",
				"${PODS_ROOT}/Manifest.lock",
			);
			name = "[CP] Check Pods Manifest.lock";
			outputFileListPaths = (
			);
			outputPaths = (
				"$(DERIVED_FILE_DIR)/Pods-RNEmbraceOTLPPlaceholder-checkManifestLockResult.txt",
			);
			runOnlyForDeploymentPostprocessing = 0;
			shellPath = /bin/sh;
			shellScript = "diff \"${PODS_PODFILE_DIR_PATH}/Podfile.lock\" \"${PODS_ROOT}/Manifest.lock\" > /dev/null\nif [ $? != 0 ] ; then\n    # print error to STDERR\n    echo \"error: The sandbox is not in sync with the Podfile.lock. Run 'pod install' or update your CocoaPods installation.\" >&2\n    exit 1\nfi\n# This output is used by Xcode 'outputs' to avoid re-running this script phase.\necho \"SUCCESS\" > \"${SCRIPT_OUTPUT_FILE_0}\"\n";
			showEnvVarsInLog = 0;
		};
		84CA008E86A89E880EDD3558 /* [CP] Copy Pods Resources */ = {
			isa = PBXShellScriptBuildPhase;
			buildActionMask = 2147483647;
			files = (
			);
			inputFileListPaths = (
				"${PODS_ROOT}/Target Support Files/Pods-RNEmbraceOTLPPlaceholder-RNEmbraceOTLPTests/Pods-RNEmbraceOTLPPlaceholder-RNEmbraceOTLPTests-resources-${CONFIGURATION}-input-files.xcfilelist",
			);
			name = "[CP] Copy Pods Resources";
			outputFileListPaths = (
				"${PODS_ROOT}/Target Support Files/Pods-RNEmbraceOTLPPlaceholder-RNEmbraceOTLPTests/Pods-RNEmbraceOTLPPlaceholder-RNEmbraceOTLPTests-resources-${CONFIGURATION}-output-files.xcfilelist",
			);
			runOnlyForDeploymentPostprocessing = 0;
			shellPath = /bin/sh;
			shellScript = "\"${PODS_ROOT}/Target Support Files/Pods-RNEmbraceOTLPPlaceholder-RNEmbraceOTLPTests/Pods-RNEmbraceOTLPPlaceholder-RNEmbraceOTLPTests-resources.sh\"\n";
			showEnvVarsInLog = 0;
		};
		9DCBD691759D13C10C541A51 /* [CP] Embed Pods Frameworks */ = {
			isa = PBXShellScriptBuildPhase;
			buildActionMask = 2147483647;
			files = (
			);
			inputFileListPaths = (
				"${PODS_ROOT}/Target Support Files/Pods-RNEmbraceOTLPPlaceholder-RNEmbraceOTLPTests/Pods-RNEmbraceOTLPPlaceholder-RNEmbraceOTLPTests-frameworks-${CONFIGURATION}-input-files.xcfilelist",
			);
			name = "[CP] Embed Pods Frameworks";
			outputFileListPaths = (
				"${PODS_ROOT}/Target Support Files/Pods-RNEmbraceOTLPPlaceholder-RNEmbraceOTLPTests/Pods-RNEmbraceOTLPPlaceholder-RNEmbraceOTLPTests-frameworks-${CONFIGURATION}-output-files.xcfilelist",
			);
			runOnlyForDeploymentPostprocessing = 0;
			shellPath = /bin/sh;
			shellScript = "\"${PODS_ROOT}/Target Support Files/Pods-RNEmbraceOTLPPlaceholder-RNEmbraceOTLPTests/Pods-RNEmbraceOTLPPlaceholder-RNEmbraceOTLPTests-frameworks.sh\"\n";
			showEnvVarsInLog = 0;
		};
		FD8A49D040F243C02F0CA0EF /* [CP] Check Pods Manifest.lock */ = {
			isa = PBXShellScriptBuildPhase;
			buildActionMask = 2147483647;
			files = (
			);
			inputFileListPaths = (
			);
			inputPaths = (
				"${PODS_PODFILE_DIR_PATH}/Podfile.lock",
				"${PODS_ROOT}/Manifest.lock",
			);
			name = "[CP] Check Pods Manifest.lock";
			outputFileListPaths = (
			);
			outputPaths = (
				"$(DERIVED_FILE_DIR)/Pods-RNEmbraceOTLPPlaceholder-RNEmbraceOTLPTests-checkManifestLockResult.txt",
			);
			runOnlyForDeploymentPostprocessing = 0;
			shellPath = /bin/sh;
			shellScript = "diff \"${PODS_PODFILE_DIR_PATH}/Podfile.lock\" \"${PODS_ROOT}/Manifest.lock\" > /dev/null\nif [ $? != 0 ] ; then\n    # print error to STDERR\n    echo \"error: The sandbox is not in sync with the Podfile.lock. Run 'pod install' or update your CocoaPods installation.\" >&2\n    exit 1\nfi\n# This output is used by Xcode 'outputs' to avoid re-running this script phase.\necho \"SUCCESS\" > \"${SCRIPT_OUTPUT_FILE_0}\"\n";
			showEnvVarsInLog = 0;
		};
/* End PBXShellScriptBuildPhase section */

/* Begin PBXSourcesBuildPhase section */
		6D2523AD2CC800C7000ECCEA /* Sources */ = {
			isa = PBXSourcesBuildPhase;
			buildActionMask = 2147483647;
			files = (
			);
			runOnlyForDeploymentPostprocessing = 0;
		};
		6D2523B42CC800C7000ECCEA /* Sources */ = {
			isa = PBXSourcesBuildPhase;
			buildActionMask = 2147483647;
			files = (
				6D2523C92CC800ED000ECCEA /* RNEmbraceOTLPTests.swift in Sources */,
			);
			runOnlyForDeploymentPostprocessing = 0;
		};
/* End PBXSourcesBuildPhase section */

/* Begin PBXTargetDependency section */
		6D2523BB2CC800C7000ECCEA /* PBXTargetDependency */ = {
			isa = PBXTargetDependency;
			target = 6D2523B02CC800C7000ECCEA /* RNEmbraceOTLPPlaceholder */;
			targetProxy = 6D2523BA2CC800C7000ECCEA /* PBXContainerItemProxy */;
		};
/* End PBXTargetDependency section */

/* Begin XCBuildConfiguration section */
		6D25232D2CC7F351000ECCEA /* Debug */ = {
			isa = XCBuildConfiguration;
			buildSettings = {
				ALWAYS_SEARCH_USER_PATHS = NO;
				ASSETCATALOG_COMPILER_GENERATE_SWIFT_ASSET_SYMBOL_EXTENSIONS = YES;
				CC = "";
				CLANG_ANALYZER_NONNULL = YES;
				CLANG_ANALYZER_NUMBER_OBJECT_CONVERSION = YES_AGGRESSIVE;
				CLANG_CXX_LANGUAGE_STANDARD = "c++20";
				CLANG_ENABLE_MODULES = YES;
				CLANG_ENABLE_OBJC_ARC = YES;
				CLANG_ENABLE_OBJC_WEAK = YES;
				CLANG_WARN_BLOCK_CAPTURE_AUTORELEASING = YES;
				CLANG_WARN_BOOL_CONVERSION = YES;
				CLANG_WARN_COMMA = YES;
				CLANG_WARN_CONSTANT_CONVERSION = YES;
				CLANG_WARN_DEPRECATED_OBJC_IMPLEMENTATIONS = YES;
				CLANG_WARN_DIRECT_OBJC_ISA_USAGE = YES_ERROR;
				CLANG_WARN_DOCUMENTATION_COMMENTS = YES;
				CLANG_WARN_EMPTY_BODY = YES;
				CLANG_WARN_ENUM_CONVERSION = YES;
				CLANG_WARN_INFINITE_RECURSION = YES;
				CLANG_WARN_INT_CONVERSION = YES;
				CLANG_WARN_NON_LITERAL_NULL_CONVERSION = YES;
				CLANG_WARN_OBJC_IMPLICIT_RETAIN_SELF = YES;
				CLANG_WARN_OBJC_LITERAL_CONVERSION = YES;
				CLANG_WARN_OBJC_ROOT_CLASS = YES_ERROR;
				CLANG_WARN_QUOTED_INCLUDE_IN_FRAMEWORK_HEADER = YES;
				CLANG_WARN_RANGE_LOOP_ANALYSIS = YES;
				CLANG_WARN_STRICT_PROTOTYPES = YES;
				CLANG_WARN_SUSPICIOUS_MOVE = YES;
				CLANG_WARN_UNGUARDED_AVAILABILITY = YES_AGGRESSIVE;
				CLANG_WARN_UNREACHABLE_CODE = YES;
				CLANG_WARN__DUPLICATE_METHOD_MATCH = YES;
				COPY_PHASE_STRIP = NO;
				CURRENT_PROJECT_VERSION = 1;
				CXX = "";
				DEBUG_INFORMATION_FORMAT = dwarf;
				ENABLE_STRICT_OBJC_MSGSEND = YES;
				ENABLE_TESTABILITY = YES;
				ENABLE_USER_SCRIPT_SANDBOXING = YES;
				GCC_C_LANGUAGE_STANDARD = gnu17;
				GCC_DYNAMIC_NO_PIC = NO;
				GCC_NO_COMMON_BLOCKS = YES;
				GCC_OPTIMIZATION_LEVEL = 0;
				GCC_PREPROCESSOR_DEFINITIONS = (
					"DEBUG=1",
					"$(inherited)",
				);
				GCC_WARN_64_TO_32_BIT_CONVERSION = YES;
				GCC_WARN_ABOUT_RETURN_TYPE = YES_ERROR;
				GCC_WARN_UNDECLARED_SELECTOR = YES;
				GCC_WARN_UNINITIALIZED_AUTOS = YES_AGGRESSIVE;
				GCC_WARN_UNUSED_FUNCTION = YES;
				GCC_WARN_UNUSED_VARIABLE = YES;
				HEADER_SEARCH_PATHS = (
					"$(inherited)",
					"${PODS_CONFIGURATION_BUILD_DIR}/ReactCommon/ReactCommon.framework/Headers",
					"${PODS_CONFIGURATION_BUILD_DIR}/ReactCommon/ReactCommon.framework/Headers/react/nativemodule/core",
					"${PODS_CONFIGURATION_BUILD_DIR}/ReactCommon-Samples/ReactCommon_Samples.framework/Headers",
					"${PODS_CONFIGURATION_BUILD_DIR}/ReactCommon-Samples/ReactCommon_Samples.framework/Headers/platform/ios",
					"${PODS_CONFIGURATION_BUILD_DIR}/React-Fabric/React_Fabric.framework/Headers/react/renderer/components/view/platform/cxx",
					"${PODS_CONFIGURATION_BUILD_DIR}/React-NativeModulesApple/React_NativeModulesApple.framework/Headers",
					"${PODS_CONFIGURATION_BUILD_DIR}/React-graphics/React_graphics.framework/Headers",
					"${PODS_CONFIGURATION_BUILD_DIR}/React-graphics/React_graphics.framework/Headers/react/renderer/graphics/platform/ios",
				);
				IPHONEOS_DEPLOYMENT_TARGET = 18.0;
				LD = "";
				LDPLUSPLUS = "";
				LOCALIZATION_PREFERS_STRING_CATALOGS = YES;
				MTL_ENABLE_DEBUG_INFO = INCLUDE_SOURCE;
				MTL_FAST_MATH = YES;
				ONLY_ACTIVE_ARCH = YES;
				OTHER_LDFLAGS = (
					"$(inherited)",
					" ",
				);
				REACT_NATIVE_PATH = "${PODS_ROOT}/../../node_modules/react-native";
				SDKROOT = iphoneos;
				SWIFT_ACTIVE_COMPILATION_CONDITIONS = "$(inherited) DEBUG";
				SWIFT_OPTIMIZATION_LEVEL = "-Onone";
				USE_HERMES = true;
				VERSIONING_SYSTEM = "apple-generic";
				VERSION_INFO_PREFIX = "";
			};
			name = Debug;
		};
		6D25232E2CC7F351000ECCEA /* Release */ = {
			isa = XCBuildConfiguration;
			buildSettings = {
				ALWAYS_SEARCH_USER_PATHS = NO;
				ASSETCATALOG_COMPILER_GENERATE_SWIFT_ASSET_SYMBOL_EXTENSIONS = YES;
				CC = "";
				CLANG_ANALYZER_NONNULL = YES;
				CLANG_ANALYZER_NUMBER_OBJECT_CONVERSION = YES_AGGRESSIVE;
				CLANG_CXX_LANGUAGE_STANDARD = "c++20";
				CLANG_ENABLE_MODULES = YES;
				CLANG_ENABLE_OBJC_ARC = YES;
				CLANG_ENABLE_OBJC_WEAK = YES;
				CLANG_WARN_BLOCK_CAPTURE_AUTORELEASING = YES;
				CLANG_WARN_BOOL_CONVERSION = YES;
				CLANG_WARN_COMMA = YES;
				CLANG_WARN_CONSTANT_CONVERSION = YES;
				CLANG_WARN_DEPRECATED_OBJC_IMPLEMENTATIONS = YES;
				CLANG_WARN_DIRECT_OBJC_ISA_USAGE = YES_ERROR;
				CLANG_WARN_DOCUMENTATION_COMMENTS = YES;
				CLANG_WARN_EMPTY_BODY = YES;
				CLANG_WARN_ENUM_CONVERSION = YES;
				CLANG_WARN_INFINITE_RECURSION = YES;
				CLANG_WARN_INT_CONVERSION = YES;
				CLANG_WARN_NON_LITERAL_NULL_CONVERSION = YES;
				CLANG_WARN_OBJC_IMPLICIT_RETAIN_SELF = YES;
				CLANG_WARN_OBJC_LITERAL_CONVERSION = YES;
				CLANG_WARN_OBJC_ROOT_CLASS = YES_ERROR;
				CLANG_WARN_QUOTED_INCLUDE_IN_FRAMEWORK_HEADER = YES;
				CLANG_WARN_RANGE_LOOP_ANALYSIS = YES;
				CLANG_WARN_STRICT_PROTOTYPES = YES;
				CLANG_WARN_SUSPICIOUS_MOVE = YES;
				CLANG_WARN_UNGUARDED_AVAILABILITY = YES_AGGRESSIVE;
				CLANG_WARN_UNREACHABLE_CODE = YES;
				CLANG_WARN__DUPLICATE_METHOD_MATCH = YES;
				COPY_PHASE_STRIP = NO;
				CURRENT_PROJECT_VERSION = 1;
				CXX = "";
				DEBUG_INFORMATION_FORMAT = "dwarf-with-dsym";
				ENABLE_NS_ASSERTIONS = NO;
				ENABLE_STRICT_OBJC_MSGSEND = YES;
				ENABLE_USER_SCRIPT_SANDBOXING = YES;
				GCC_C_LANGUAGE_STANDARD = gnu17;
				GCC_NO_COMMON_BLOCKS = YES;
				GCC_WARN_64_TO_32_BIT_CONVERSION = YES;
				GCC_WARN_ABOUT_RETURN_TYPE = YES_ERROR;
				GCC_WARN_UNDECLARED_SELECTOR = YES;
				GCC_WARN_UNINITIALIZED_AUTOS = YES_AGGRESSIVE;
				GCC_WARN_UNUSED_FUNCTION = YES;
				GCC_WARN_UNUSED_VARIABLE = YES;
				HEADER_SEARCH_PATHS = (
					"$(inherited)",
					"${PODS_CONFIGURATION_BUILD_DIR}/ReactCommon/ReactCommon.framework/Headers",
					"${PODS_CONFIGURATION_BUILD_DIR}/ReactCommon/ReactCommon.framework/Headers/react/nativemodule/core",
					"${PODS_CONFIGURATION_BUILD_DIR}/ReactCommon-Samples/ReactCommon_Samples.framework/Headers",
					"${PODS_CONFIGURATION_BUILD_DIR}/ReactCommon-Samples/ReactCommon_Samples.framework/Headers/platform/ios",
					"${PODS_CONFIGURATION_BUILD_DIR}/React-Fabric/React_Fabric.framework/Headers/react/renderer/components/view/platform/cxx",
					"${PODS_CONFIGURATION_BUILD_DIR}/React-NativeModulesApple/React_NativeModulesApple.framework/Headers",
					"${PODS_CONFIGURATION_BUILD_DIR}/React-graphics/React_graphics.framework/Headers",
					"${PODS_CONFIGURATION_BUILD_DIR}/React-graphics/React_graphics.framework/Headers/react/renderer/graphics/platform/ios",
				);
				IPHONEOS_DEPLOYMENT_TARGET = 18.0;
				LD = "";
				LDPLUSPLUS = "";
				LOCALIZATION_PREFERS_STRING_CATALOGS = YES;
				MTL_ENABLE_DEBUG_INFO = NO;
				MTL_FAST_MATH = YES;
				OTHER_LDFLAGS = (
					"$(inherited)",
					" ",
				);
				REACT_NATIVE_PATH = "${PODS_ROOT}/../../node_modules/react-native";
				SDKROOT = iphoneos;
				SWIFT_COMPILATION_MODE = wholemodule;
				USE_HERMES = true;
				VALIDATE_PRODUCT = YES;
				VERSIONING_SYSTEM = "apple-generic";
				VERSION_INFO_PREFIX = "";
			};
			name = Release;
		};
		6D2523C22CC800C8000ECCEA /* Debug */ = {
			isa = XCBuildConfiguration;
			baseConfigurationReference = 3455BAB2645C45A85642148B /* Pods-RNEmbraceOTLPPlaceholder.debug.xcconfig */;
			buildSettings = {
				BUILD_LIBRARY_FOR_DISTRIBUTION = NO;
				CODE_SIGN_STYLE = Automatic;
				CURRENT_PROJECT_VERSION = 1;
				DEFINES_MODULE = YES;
				DYLIB_COMPATIBILITY_VERSION = 1;
				DYLIB_CURRENT_VERSION = 1;
				DYLIB_INSTALL_NAME_BASE = "@rpath";
				ENABLE_MODULE_VERIFIER = YES;
				ENABLE_USER_SCRIPT_SANDBOXING = NO;
				GENERATE_INFOPLIST_FILE = YES;
				INFOPLIST_KEY_NSHumanReadableCopyright = "";
				INSTALL_PATH = "$(LOCAL_LIBRARY_DIR)/Frameworks";
				IPHONEOS_DEPLOYMENT_TARGET = 17.5;
				LD_RUNPATH_SEARCH_PATHS = (
					"$(inherited)",
					"@executable_path/Frameworks",
					"@loader_path/Frameworks",
				);
				MARKETING_VERSION = 1.0;
				MODULE_VERIFIER_SUPPORTED_LANGUAGES = "objective-c objective-c++";
				MODULE_VERIFIER_SUPPORTED_LANGUAGE_STANDARDS = "gnu17 gnu++20";
				PRODUCT_BUNDLE_IDENTIFIER = io.embrace.RNEmbraceOTLP;
				PRODUCT_NAME = "$(TARGET_NAME:c99extidentifier)";
				SKIP_INSTALL = YES;
				SWIFT_EMIT_LOC_STRINGS = YES;
				SWIFT_INSTALL_OBJC_HEADER = NO;
				SWIFT_VERSION = 5.0;
				TARGETED_DEVICE_FAMILY = "1,2";
			};
			name = Debug;
		};
		6D2523C32CC800C8000ECCEA /* Release */ = {
			isa = XCBuildConfiguration;
			baseConfigurationReference = B85891B0919E5CE773E55A71 /* Pods-RNEmbraceOTLPPlaceholder.release.xcconfig */;
			buildSettings = {
				BUILD_LIBRARY_FOR_DISTRIBUTION = NO;
				CODE_SIGN_STYLE = Automatic;
				CURRENT_PROJECT_VERSION = 1;
				DEFINES_MODULE = YES;
				DYLIB_COMPATIBILITY_VERSION = 1;
				DYLIB_CURRENT_VERSION = 1;
				DYLIB_INSTALL_NAME_BASE = "@rpath";
				ENABLE_MODULE_VERIFIER = YES;
				ENABLE_USER_SCRIPT_SANDBOXING = NO;
				GENERATE_INFOPLIST_FILE = YES;
				INFOPLIST_KEY_NSHumanReadableCopyright = "";
				INSTALL_PATH = "$(LOCAL_LIBRARY_DIR)/Frameworks";
				IPHONEOS_DEPLOYMENT_TARGET = 17.5;
				LD_RUNPATH_SEARCH_PATHS = (
					"$(inherited)",
					"@executable_path/Frameworks",
					"@loader_path/Frameworks",
				);
				MARKETING_VERSION = 1.0;
				MODULE_VERIFIER_SUPPORTED_LANGUAGES = "objective-c objective-c++";
				MODULE_VERIFIER_SUPPORTED_LANGUAGE_STANDARDS = "gnu17 gnu++20";
				PRODUCT_BUNDLE_IDENTIFIER = io.embrace.RNEmbraceOTLP;
				PRODUCT_NAME = "$(TARGET_NAME:c99extidentifier)";
				SKIP_INSTALL = YES;
				SWIFT_EMIT_LOC_STRINGS = YES;
				SWIFT_INSTALL_OBJC_HEADER = NO;
				SWIFT_VERSION = 5.0;
				TARGETED_DEVICE_FAMILY = "1,2";
			};
			name = Release;
		};
		6D2523C52CC800C8000ECCEA /* Debug */ = {
			isa = XCBuildConfiguration;
			baseConfigurationReference = 0948BFA938D7F2B2D0C14452 /* Pods-RNEmbraceOTLPPlaceholder-RNEmbraceOTLPTests.debug.xcconfig */;
			buildSettings = {
				CODE_SIGN_STYLE = Automatic;
				CURRENT_PROJECT_VERSION = 1;
				ENABLE_USER_SCRIPT_SANDBOXING = NO;
				GENERATE_INFOPLIST_FILE = YES;
				IPHONEOS_DEPLOYMENT_TARGET = 17.5;
				MARKETING_VERSION = 1.0;
				PRODUCT_BUNDLE_IDENTIFIER = io.embrace.RNEmbraceOTLPTests;
				PRODUCT_NAME = "$(TARGET_NAME)";
				SWIFT_EMIT_LOC_STRINGS = NO;
				SWIFT_VERSION = 5.0;
				TARGETED_DEVICE_FAMILY = "1,2";
			};
			name = Debug;
		};
		6D2523C62CC800C8000ECCEA /* Release */ = {
			isa = XCBuildConfiguration;
			baseConfigurationReference = 1524127FF50FC154EBDE6CB6 /* Pods-RNEmbraceOTLPPlaceholder-RNEmbraceOTLPTests.release.xcconfig */;
			buildSettings = {
				CODE_SIGN_STYLE = Automatic;
				CURRENT_PROJECT_VERSION = 1;
				ENABLE_USER_SCRIPT_SANDBOXING = NO;
				GENERATE_INFOPLIST_FILE = YES;
				IPHONEOS_DEPLOYMENT_TARGET = 17.5;
				MARKETING_VERSION = 1.0;
				PRODUCT_BUNDLE_IDENTIFIER = io.embrace.RNEmbraceOTLPTests;
				PRODUCT_NAME = "$(TARGET_NAME)";
				SWIFT_EMIT_LOC_STRINGS = NO;
				SWIFT_VERSION = 5.0;
				TARGETED_DEVICE_FAMILY = "1,2";
			};
			name = Release;
		};
/* End XCBuildConfiguration section */

/* Begin XCConfigurationList section */
		6D2523132CC7F350000ECCEA /* Build configuration list for PBXProject "RNEmbraceOTLPTests" */ = {
			isa = XCConfigurationList;
			buildConfigurations = (
				6D25232D2CC7F351000ECCEA /* Debug */,
				6D25232E2CC7F351000ECCEA /* Release */,
			);
			defaultConfigurationIsVisible = 0;
			defaultConfigurationName = Release;
		};
		6D2523C12CC800C8000ECCEA /* Build configuration list for PBXNativeTarget "RNEmbraceOTLPPlaceholder" */ = {
			isa = XCConfigurationList;
			buildConfigurations = (
				6D2523C22CC800C8000ECCEA /* Debug */,
				6D2523C32CC800C8000ECCEA /* Release */,
			);
			defaultConfigurationIsVisible = 0;
			defaultConfigurationName = Release;
		};
		6D2523C42CC800C8000ECCEA /* Build configuration list for PBXNativeTarget "RNEmbraceOTLPTests" */ = {
			isa = XCConfigurationList;
			buildConfigurations = (
				6D2523C52CC800C8000ECCEA /* Debug */,
				6D2523C62CC800C8000ECCEA /* Release */,
			);
			defaultConfigurationIsVisible = 0;
			defaultConfigurationName = Release;
		};
/* End XCConfigurationList section */
	};
	rootObject = 6D2523102CC7F350000ECCEA /* Project object */;
}
