// !$*UTF8*$!
{
	archiveVersion = 1;
	classes = {
	};
	objectVersion = 56;
	objects = {

/* Begin PBXBuildFile section */
		1B049C9AF0F54632CA1146CD /* Pods_RNEmbraceCorePlaceholder_RNEmbraceCoreTests.framework in Frameworks */ = {isa = PBXBuildFile; fileRef = 91F98325A136A321D325263B /* Pods_RNEmbraceCorePlaceholder_RNEmbraceCoreTests.framework */; };
		30DFDA6A2C486677009F2ECC /* RNEmbraceCorePlaceholder.framework in Frameworks */ = {isa = PBXBuildFile; fileRef = 30DFDA622C486677009F2ECC /* RNEmbraceCorePlaceholder.framework */; };
		30DFDA6F2C486677009F2ECC /* RNEmbraceCoreTests.swift in Sources */ = {isa = PBXBuildFile; fileRef = 30DFDA6E2C486677009F2ECC /* RNEmbraceCoreTests.swift */; };
		4F4B65E21CF44FE7CE7B3587 /* Pods_RNEmbraceCorePlaceholder.framework in Frameworks */ = {isa = PBXBuildFile; fileRef = F52F8D5B44CBF5C1116C71E3 /* Pods_RNEmbraceCorePlaceholder.framework */; };
		6DE4471B2E5604BA0036CFBB /* AudioToolbox.framework in Frameworks */ = {isa = PBXBuildFile; fileRef = 6DE4471A2E5604BA0036CFBB /* AudioToolbox.framework */; };
		6DE4471D2E5604C90036CFBB /* AVFAudio.framework in Frameworks */ = {isa = PBXBuildFile; fileRef = 6DE4471C2E5604C90036CFBB /* AVFAudio.framework */; };
/* End PBXBuildFile section */

/* Begin PBXContainerItemProxy section */
		30DFDA6B2C486677009F2ECC /* PBXContainerItemProxy */ = {
			isa = PBXContainerItemProxy;
			containerPortal = 30DFDA062C485A70009F2ECC /* Project object */;
			proxyType = 1;
			remoteGlobalIDString = 30DFDA612C486677009F2ECC;
			remoteInfo = RNEmbraceCore;
		};
/* End PBXContainerItemProxy section */

/* Begin PBXFileReference section */
		169F89163720696D3B756375 /* Pods-RNEmbraceCorePlaceholder-RNEmbraceCoreTests.debug.xcconfig */ = {isa = PBXFileReference; includeInIndex = 1; lastKnownFileType = text.xcconfig; name = "Pods-RNEmbraceCorePlaceholder-RNEmbraceCoreTests.debug.xcconfig"; path = "Target Support Files/Pods-RNEmbraceCorePlaceholder-RNEmbraceCoreTests/Pods-RNEmbraceCorePlaceholder-RNEmbraceCoreTests.debug.xcconfig"; sourceTree = "<group>"; };
		30DFDA622C486677009F2ECC /* RNEmbraceCorePlaceholder.framework */ = {isa = PBXFileReference; explicitFileType = wrapper.framework; includeInIndex = 0; path = RNEmbraceCorePlaceholder.framework; sourceTree = BUILT_PRODUCTS_DIR; };
		30DFDA692C486677009F2ECC /* RNEmbraceCoreTests.xctest */ = {isa = PBXFileReference; explicitFileType = wrapper.cfbundle; includeInIndex = 0; path = RNEmbraceCoreTests.xctest; sourceTree = BUILT_PRODUCTS_DIR; };
		30DFDA6E2C486677009F2ECC /* RNEmbraceCoreTests.swift */ = {isa = PBXFileReference; lastKnownFileType = sourcecode.swift; path = RNEmbraceCoreTests.swift; sourceTree = "<group>"; };
		45892F0D2BCD200EADB05154 /* Pods-RNEmbraceCorePlaceholder.debug.xcconfig */ = {isa = PBXFileReference; includeInIndex = 1; lastKnownFileType = text.xcconfig; name = "Pods-RNEmbraceCorePlaceholder.debug.xcconfig"; path = "Target Support Files/Pods-RNEmbraceCorePlaceholder/Pods-RNEmbraceCorePlaceholder.debug.xcconfig"; sourceTree = "<group>"; };
		6DE4471A2E5604BA0036CFBB /* AudioToolbox.framework */ = {isa = PBXFileReference; lastKnownFileType = wrapper.framework; name = AudioToolbox.framework; path = Platforms/MacOSX.platform/Developer/SDKs/MacOSX15.2.sdk/System/Library/Frameworks/AudioToolbox.framework; sourceTree = DEVELOPER_DIR; };
		6DE4471C2E5604C90036CFBB /* AVFAudio.framework */ = {isa = PBXFileReference; lastKnownFileType = wrapper.framework; name = AVFAudio.framework; path = Platforms/MacOSX.platform/Developer/SDKs/MacOSX15.2.sdk/System/Library/Frameworks/AVFAudio.framework; sourceTree = DEVELOPER_DIR; };
		8D444774AB9A34C8CF34510A /* Pods-RNEmbraceCorePlaceholder-RNEmbraceCoreTests.release.xcconfig */ = {isa = PBXFileReference; includeInIndex = 1; lastKnownFileType = text.xcconfig; name = "Pods-RNEmbraceCorePlaceholder-RNEmbraceCoreTests.release.xcconfig"; path = "Target Support Files/Pods-RNEmbraceCorePlaceholder-RNEmbraceCoreTests/Pods-RNEmbraceCorePlaceholder-RNEmbraceCoreTests.release.xcconfig"; sourceTree = "<group>"; };
		91F98325A136A321D325263B /* Pods_RNEmbraceCorePlaceholder_RNEmbraceCoreTests.framework */ = {isa = PBXFileReference; explicitFileType = wrapper.framework; includeInIndex = 0; path = Pods_RNEmbraceCorePlaceholder_RNEmbraceCoreTests.framework; sourceTree = BUILT_PRODUCTS_DIR; };
		C21EEE78D206AE6693E5AFEC /* Pods-RNEmbraceCorePlaceholder.release.xcconfig */ = {isa = PBXFileReference; includeInIndex = 1; lastKnownFileType = text.xcconfig; name = "Pods-RNEmbraceCorePlaceholder.release.xcconfig"; path = "Target Support Files/Pods-RNEmbraceCorePlaceholder/Pods-RNEmbraceCorePlaceholder.release.xcconfig"; sourceTree = "<group>"; };
		F52F8D5B44CBF5C1116C71E3 /* Pods_RNEmbraceCorePlaceholder.framework */ = {isa = PBXFileReference; explicitFileType = wrapper.framework; includeInIndex = 0; path = Pods_RNEmbraceCorePlaceholder.framework; sourceTree = BUILT_PRODUCTS_DIR; };
/* End PBXFileReference section */

/* Begin PBXFrameworksBuildPhase section */
		30DFDA5F2C486677009F2ECC /* Frameworks */ = {
			isa = PBXFrameworksBuildPhase;
			buildActionMask = 2147483647;
			files = (
				6DE4471D2E5604C90036CFBB /* AVFAudio.framework in Frameworks */,
				6DE4471B2E5604BA0036CFBB /* AudioToolbox.framework in Frameworks */,
				4F4B65E21CF44FE7CE7B3587 /* Pods_RNEmbraceCorePlaceholder.framework in Frameworks */,
			);
			runOnlyForDeploymentPostprocessing = 0;
		};
		30DFDA662C486677009F2ECC /* Frameworks */ = {
			isa = PBXFrameworksBuildPhase;
			buildActionMask = 2147483647;
			files = (
				30DFDA6A2C486677009F2ECC /* RNEmbraceCorePlaceholder.framework in Frameworks */,
				1B049C9AF0F54632CA1146CD /* Pods_RNEmbraceCorePlaceholder_RNEmbraceCoreTests.framework in Frameworks */,
			);
			runOnlyForDeploymentPostprocessing = 0;
		};
/* End PBXFrameworksBuildPhase section */

/* Begin PBXGroup section */
		0C8E90FDF3018EA1FCF9459E /* Pods */ = {
			isa = PBXGroup;
			children = (
				45892F0D2BCD200EADB05154 /* Pods-RNEmbraceCorePlaceholder.debug.xcconfig */,
				C21EEE78D206AE6693E5AFEC /* Pods-RNEmbraceCorePlaceholder.release.xcconfig */,
				169F89163720696D3B756375 /* Pods-RNEmbraceCorePlaceholder-RNEmbraceCoreTests.debug.xcconfig */,
				8D444774AB9A34C8CF34510A /* Pods-RNEmbraceCorePlaceholder-RNEmbraceCoreTests.release.xcconfig */,
			);
			path = Pods;
			sourceTree = "<group>";
		};
		30DFDA052C485A70009F2ECC = {
			isa = PBXGroup;
			children = (
				30DFDA6D2C486677009F2ECC /* RNEmbraceCoreTests */,
				30DFDA102C485A70009F2ECC /* Products */,
				0C8E90FDF3018EA1FCF9459E /* Pods */,
				3BD9D3FB7C46D73CA78BB6DB /* Frameworks */,
			);
			sourceTree = "<group>";
		};
		30DFDA102C485A70009F2ECC /* Products */ = {
			isa = PBXGroup;
			children = (
				30DFDA622C486677009F2ECC /* RNEmbraceCorePlaceholder.framework */,
				30DFDA692C486677009F2ECC /* RNEmbraceCoreTests.xctest */,
			);
			name = Products;
			sourceTree = "<group>";
		};
		30DFDA6D2C486677009F2ECC /* RNEmbraceCoreTests */ = {
			isa = PBXGroup;
			children = (
				30DFDA6E2C486677009F2ECC /* RNEmbraceCoreTests.swift */,
			);
			path = RNEmbraceCoreTests;
			sourceTree = "<group>";
		};
		3BD9D3FB7C46D73CA78BB6DB /* Frameworks */ = {
			isa = PBXGroup;
			children = (
				6DE4471C2E5604C90036CFBB /* AVFAudio.framework */,
				6DE4471A2E5604BA0036CFBB /* AudioToolbox.framework */,
				F52F8D5B44CBF5C1116C71E3 /* Pods_RNEmbraceCorePlaceholder.framework */,
				91F98325A136A321D325263B /* Pods_RNEmbraceCorePlaceholder_RNEmbraceCoreTests.framework */,
			);
			name = Frameworks;
			sourceTree = "<group>";
		};
/* End PBXGroup section */

/* Begin PBXHeadersBuildPhase section */
		30DFDA5D2C486677009F2ECC /* Headers */ = {
			isa = PBXHeadersBuildPhase;
			buildActionMask = 2147483647;
			files = (
			);
			runOnlyForDeploymentPostprocessing = 0;
		};
/* End PBXHeadersBuildPhase section */

/* Begin PBXNativeTarget section */
		30DFDA612C486677009F2ECC /* RNEmbraceCorePlaceholder */ = {
			isa = PBXNativeTarget;
			buildConfigurationList = 30DFDA712C486677009F2ECC /* Build configuration list for PBXNativeTarget "RNEmbraceCorePlaceholder" */;
			buildPhases = (
				C0368D9591083756E63BBDCB /* [CP] Check Pods Manifest.lock */,
				30DFDA5D2C486677009F2ECC /* Headers */,
				30DFDA5E2C486677009F2ECC /* Sources */,
				30DFDA5F2C486677009F2ECC /* Frameworks */,
				30DFDA602C486677009F2ECC /* Resources */,
				0F7671DAB1DA042B61FDC764 /* [CP] Copy Pods Resources */,
			);
			buildRules = (
			);
			dependencies = (
			);
			name = RNEmbraceCorePlaceholder;
			productName = RNEmbraceCore;
			productReference = 30DFDA622C486677009F2ECC /* RNEmbraceCorePlaceholder.framework */;
			productType = "com.apple.product-type.framework";
		};
		30DFDA682C486677009F2ECC /* RNEmbraceCoreTests */ = {
			isa = PBXNativeTarget;
			buildConfigurationList = 30DFDA742C486677009F2ECC /* Build configuration list for PBXNativeTarget "RNEmbraceCoreTests" */;
			buildPhases = (
				8D9D3FA8DBDB66790D30BA10 /* [CP] Check Pods Manifest.lock */,
				30DFDA652C486677009F2ECC /* Sources */,
				30DFDA662C486677009F2ECC /* Frameworks */,
				30DFDA672C486677009F2ECC /* Resources */,
				2793946DFFAF2BFFEB82E2F4 /* [CP] Embed Pods Frameworks */,
				426C75379348BFE6F9FE35A9 /* [CP] Copy Pods Resources */,
			);
			buildRules = (
			);
			dependencies = (
				30DFDA6C2C486677009F2ECC /* PBXTargetDependency */,
			);
			name = RNEmbraceCoreTests;
			productName = RNEmbraceTests;
			productReference = 30DFDA692C486677009F2ECC /* RNEmbraceCoreTests.xctest */;
			productType = "com.apple.product-type.bundle.unit-test";
		};
/* End PBXNativeTarget section */

/* Begin PBXProject section */
		30DFDA062C485A70009F2ECC /* Project object */ = {
			isa = PBXProject;
			attributes = {
				BuildIndependentTargetsInParallel = 1;
				LastSwiftUpdateCheck = 1540;
				LastUpgradeCheck = 1540;
				TargetAttributes = {
					30DFDA612C486677009F2ECC = {
						CreatedOnToolsVersion = 15.4;
						LastSwiftMigration = 1540;
					};
					30DFDA682C486677009F2ECC = {
						CreatedOnToolsVersion = 15.4;
					};
				};
			};
			buildConfigurationList = 30DFDA092C485A70009F2ECC /* Build configuration list for PBXProject "RNEmbraceCoreTests" */;
			compatibilityVersion = "Xcode 14.0";
			developmentRegion = en;
			hasScannedForEncodings = 0;
			knownRegions = (
				en,
				Base,
			);
			mainGroup = 30DFDA052C485A70009F2ECC;
			productRefGroup = 30DFDA102C485A70009F2ECC /* Products */;
			projectDirPath = "";
			projectRoot = "";
			targets = (
				30DFDA612C486677009F2ECC /* RNEmbraceCorePlaceholder */,
				30DFDA682C486677009F2ECC /* RNEmbraceCoreTests */,
			);
		};
/* End PBXProject section */

/* Begin PBXResourcesBuildPhase section */
		30DFDA602C486677009F2ECC /* Resources */ = {
			isa = PBXResourcesBuildPhase;
			buildActionMask = 2147483647;
			files = (
			);
			runOnlyForDeploymentPostprocessing = 0;
		};
		30DFDA672C486677009F2ECC /* Resources */ = {
			isa = PBXResourcesBuildPhase;
			buildActionMask = 2147483647;
			files = (
			);
			runOnlyForDeploymentPostprocessing = 0;
		};
/* End PBXResourcesBuildPhase section */

/* Begin PBXShellScriptBuildPhase section */
		0F7671DAB1DA042B61FDC764 /* [CP] Copy Pods Resources */ = {
			isa = PBXShellScriptBuildPhase;
			buildActionMask = 2147483647;
			files = (
			);
			inputFileListPaths = (
				"${PODS_ROOT}/Target Support Files/Pods-RNEmbraceCorePlaceholder/Pods-RNEmbraceCorePlaceholder-resources-${CONFIGURATION}-input-files.xcfilelist",
			);
			inputPaths = (
			);
			name = "[CP] Copy Pods Resources";
			outputFileListPaths = (
				"${PODS_ROOT}/Target Support Files/Pods-RNEmbraceCorePlaceholder/Pods-RNEmbraceCorePlaceholder-resources-${CONFIGURATION}-output-files.xcfilelist",
			);
			outputPaths = (
			);
			runOnlyForDeploymentPostprocessing = 0;
			shellPath = /bin/sh;
			shellScript = "\"${PODS_ROOT}/Target Support Files/Pods-RNEmbraceCorePlaceholder/Pods-RNEmbraceCorePlaceholder-resources.sh\"\n";
			showEnvVarsInLog = 0;
		};
		2793946DFFAF2BFFEB82E2F4 /* [CP] Embed Pods Frameworks */ = {
			isa = PBXShellScriptBuildPhase;
			buildActionMask = 2147483647;
			files = (
			);
			inputFileListPaths = (
				"${PODS_ROOT}/Target Support Files/Pods-RNEmbraceCorePlaceholder-RNEmbraceCoreTests/Pods-RNEmbraceCorePlaceholder-RNEmbraceCoreTests-frameworks-${CONFIGURATION}-input-files.xcfilelist",
			);
			inputPaths = (
			);
			name = "[CP] Embed Pods Frameworks";
			outputFileListPaths = (
				"${PODS_ROOT}/Target Support Files/Pods-RNEmbraceCorePlaceholder-RNEmbraceCoreTests/Pods-RNEmbraceCorePlaceholder-RNEmbraceCoreTests-frameworks-${CONFIGURATION}-output-files.xcfilelist",
			);
			outputPaths = (
			);
			runOnlyForDeploymentPostprocessing = 0;
			shellPath = /bin/sh;
			shellScript = "\"${PODS_ROOT}/Target Support Files/Pods-RNEmbraceCorePlaceholder-RNEmbraceCoreTests/Pods-RNEmbraceCorePlaceholder-RNEmbraceCoreTests-frameworks.sh\"\n";
			showEnvVarsInLog = 0;
		};
		426C75379348BFE6F9FE35A9 /* [CP] Copy Pods Resources */ = {
			isa = PBXShellScriptBuildPhase;
			buildActionMask = 2147483647;
			files = (
			);
			inputFileListPaths = (
				"${PODS_ROOT}/Target Support Files/Pods-RNEmbraceCorePlaceholder-RNEmbraceCoreTests/Pods-RNEmbraceCorePlaceholder-RNEmbraceCoreTests-resources-${CONFIGURATION}-input-files.xcfilelist",
			);
			inputPaths = (
			);
			name = "[CP] Copy Pods Resources";
			outputFileListPaths = (
				"${PODS_ROOT}/Target Support Files/Pods-RNEmbraceCorePlaceholder-RNEmbraceCoreTests/Pods-RNEmbraceCorePlaceholder-RNEmbraceCoreTests-resources-${CONFIGURATION}-output-files.xcfilelist",
			);
			outputPaths = (
			);
			runOnlyForDeploymentPostprocessing = 0;
			shellPath = /bin/sh;
			shellScript = "\"${PODS_ROOT}/Target Support Files/Pods-RNEmbraceCorePlaceholder-RNEmbraceCoreTests/Pods-RNEmbraceCorePlaceholder-RNEmbraceCoreTests-resources.sh\"\n";
			showEnvVarsInLog = 0;
		};
		8D9D3FA8DBDB66790D30BA10 /* [CP] Check Pods Manifest.lock */ = {
			isa = PBXShellScriptBuildPhase;
			buildActionMask = 2147483647;
			files = (
			);
			inputFileListPaths = (
			);
			inputPaths = (
				"${PODS_PODFILE_DIR_PATH}/Podfile.lock",
				"${PODS_ROOT}/Manifest.lock",
			);
			name = "[CP] Check Pods Manifest.lock";
			outputFileListPaths = (
			);
			outputPaths = (
				"$(DERIVED_FILE_DIR)/Pods-RNEmbraceCorePlaceholder-RNEmbraceCoreTests-checkManifestLockResult.txt",
			);
			runOnlyForDeploymentPostprocessing = 0;
			shellPath = /bin/sh;
			shellScript = "diff \"${PODS_PODFILE_DIR_PATH}/Podfile.lock\" \"${PODS_ROOT}/Manifest.lock\" > /dev/null\nif [ $? != 0 ] ; then\n    # print error to STDERR\n    echo \"error: The sandbox is not in sync with the Podfile.lock. Run 'pod install' or update your CocoaPods installation.\" >&2\n    exit 1\nfi\n# This output is used by Xcode 'outputs' to avoid re-running this script phase.\necho \"SUCCESS\" > \"${SCRIPT_OUTPUT_FILE_0}\"\n";
			showEnvVarsInLog = 0;
		};
		C0368D9591083756E63BBDCB /* [CP] Check Pods Manifest.lock */ = {
			isa = PBXShellScriptBuildPhase;
			buildActionMask = 2147483647;
			files = (
			);
			inputFileListPaths = (
			);
			inputPaths = (
				"${PODS_PODFILE_DIR_PATH}/Podfile.lock",
				"${PODS_ROOT}/Manifest.lock",
			);
			name = "[CP] Check Pods Manifest.lock";
			outputFileListPaths = (
			);
			outputPaths = (
				"$(DERIVED_FILE_DIR)/Pods-RNEmbraceCorePlaceholder-checkManifestLockResult.txt",
			);
			runOnlyForDeploymentPostprocessing = 0;
			shellPath = /bin/sh;
			shellScript = "diff \"${PODS_PODFILE_DIR_PATH}/Podfile.lock\" \"${PODS_ROOT}/Manifest.lock\" > /dev/null\nif [ $? != 0 ] ; then\n    # print error to STDERR\n    echo \"error: The sandbox is not in sync with the Podfile.lock. Run 'pod install' or update your CocoaPods installation.\" >&2\n    exit 1\nfi\n# This output is used by Xcode 'outputs' to avoid re-running this script phase.\necho \"SUCCESS\" > \"${SCRIPT_OUTPUT_FILE_0}\"\n";
			showEnvVarsInLog = 0;
		};
/* End PBXShellScriptBuildPhase section */

/* Begin PBXSourcesBuildPhase section */
		30DFDA5E2C486677009F2ECC /* Sources */ = {
			isa = PBXSourcesBuildPhase;
			buildActionMask = 2147483647;
			files = (
			);
			runOnlyForDeploymentPostprocessing = 0;
		};
		30DFDA652C486677009F2ECC /* Sources */ = {
			isa = PBXSourcesBuildPhase;
			buildActionMask = 2147483647;
			files = (
				30DFDA6F2C486677009F2ECC /* RNEmbraceCoreTests.swift in Sources */,
			);
			runOnlyForDeploymentPostprocessing = 0;
		};
/* End PBXSourcesBuildPhase section */

/* Begin PBXTargetDependency section */
		30DFDA6C2C486677009F2ECC /* PBXTargetDependency */ = {
			isa = PBXTargetDependency;
			target = 30DFDA612C486677009F2ECC /* RNEmbraceCorePlaceholder */;
			targetProxy = 30DFDA6B2C486677009F2ECC /* PBXContainerItemProxy */;
		};
/* End PBXTargetDependency section */

/* Begin XCBuildConfiguration section */
		30DFDA142C485A70009F2ECC /* Debug */ = {
			isa = XCBuildConfiguration;
			buildSettings = {
				ALWAYS_SEARCH_USER_PATHS = NO;
				ASSETCATALOG_COMPILER_GENERATE_SWIFT_ASSET_SYMBOL_EXTENSIONS = YES;
				CC = "";
				CLANG_ANALYZER_NONNULL = YES;
				CLANG_ANALYZER_NUMBER_OBJECT_CONVERSION = YES_AGGRESSIVE;
				CLANG_CXX_LANGUAGE_STANDARD = "c++20";
				CLANG_ENABLE_MODULES = YES;
				CLANG_ENABLE_OBJC_ARC = YES;
				CLANG_ENABLE_OBJC_WEAK = YES;
				CLANG_WARN_BLOCK_CAPTURE_AUTORELEASING = YES;
				CLANG_WARN_BOOL_CONVERSION = YES;
				CLANG_WARN_COMMA = YES;
				CLANG_WARN_CONSTANT_CONVERSION = YES;
				CLANG_WARN_DEPRECATED_OBJC_IMPLEMENTATIONS = YES;
				CLANG_WARN_DIRECT_OBJC_ISA_USAGE = YES_ERROR;
				CLANG_WARN_DOCUMENTATION_COMMENTS = YES;
				CLANG_WARN_EMPTY_BODY = YES;
				CLANG_WARN_ENUM_CONVERSION = YES;
				CLANG_WARN_INFINITE_RECURSION = YES;
				CLANG_WARN_INT_CONVERSION = YES;
				CLANG_WARN_NON_LITERAL_NULL_CONVERSION = YES;
				CLANG_WARN_OBJC_IMPLICIT_RETAIN_SELF = YES;
				CLANG_WARN_OBJC_LITERAL_CONVERSION = YES;
				CLANG_WARN_OBJC_ROOT_CLASS = YES_ERROR;
				CLANG_WARN_QUOTED_INCLUDE_IN_FRAMEWORK_HEADER = YES;
				CLANG_WARN_RANGE_LOOP_ANALYSIS = YES;
				CLANG_WARN_STRICT_PROTOTYPES = YES;
				CLANG_WARN_SUSPICIOUS_MOVE = YES;
				CLANG_WARN_UNGUARDED_AVAILABILITY = YES_AGGRESSIVE;
				CLANG_WARN_UNREACHABLE_CODE = YES;
				CLANG_WARN__DUPLICATE_METHOD_MATCH = YES;
				COPY_PHASE_STRIP = NO;
				CURRENT_PROJECT_VERSION = 1;
				CXX = "";
				DEBUG_INFORMATION_FORMAT = dwarf;
				ENABLE_STRICT_OBJC_MSGSEND = YES;
				ENABLE_TESTABILITY = YES;
				ENABLE_USER_SCRIPT_SANDBOXING = YES;
				GCC_C_LANGUAGE_STANDARD = gnu17;
				GCC_DYNAMIC_NO_PIC = NO;
				GCC_NO_COMMON_BLOCKS = YES;
				GCC_OPTIMIZATION_LEVEL = 0;
				GCC_PREPROCESSOR_DEFINITIONS = (
					"DEBUG=1",
					"$(inherited)",
				);
				GCC_WARN_64_TO_32_BIT_CONVERSION = YES;
				GCC_WARN_ABOUT_RETURN_TYPE = YES_ERROR;
				GCC_WARN_UNDECLARED_SELECTOR = YES;
				GCC_WARN_UNINITIALIZED_AUTOS = YES_AGGRESSIVE;
				GCC_WARN_UNUSED_FUNCTION = YES;
				GCC_WARN_UNUSED_VARIABLE = YES;
				HEADER_SEARCH_PATHS = (
					"$(inherited)",
					"${PODS_CONFIGURATION_BUILD_DIR}/ReactCommon/ReactCommon.framework/Headers",
					"${PODS_CONFIGURATION_BUILD_DIR}/ReactCommon/ReactCommon.framework/Headers/react/nativemodule/core",
					"${PODS_CONFIGURATION_BUILD_DIR}/ReactCommon-Samples/ReactCommon_Samples.framework/Headers",
					"${PODS_CONFIGURATION_BUILD_DIR}/ReactCommon-Samples/ReactCommon_Samples.framework/Headers/platform/ios",
					"${PODS_CONFIGURATION_BUILD_DIR}/React-Fabric/React_Fabric.framework/Headers/react/renderer/components/view/platform/cxx",
					"${PODS_CONFIGURATION_BUILD_DIR}/React-NativeModulesApple/React_NativeModulesApple.framework/Headers",
					"${PODS_CONFIGURATION_BUILD_DIR}/React-graphics/React_graphics.framework/Headers",
					"${PODS_CONFIGURATION_BUILD_DIR}/React-graphics/React_graphics.framework/Headers/react/renderer/graphics/platform/ios",
				);
				IPHONEOS_DEPLOYMENT_TARGET = 17.5;
				LD = "";
				LDPLUSPLUS = "";
				LOCALIZATION_PREFERS_STRING_CATALOGS = YES;
				MTL_ENABLE_DEBUG_INFO = INCLUDE_SOURCE;
				MTL_FAST_MATH = YES;
				ONLY_ACTIVE_ARCH = YES;
				OTHER_LDFLAGS = "$(inherited)";
				REACT_NATIVE_PATH = "${PODS_ROOT}/../../node_modules/react-native";
				SDKROOT = iphoneos;
				SWIFT_ACTIVE_COMPILATION_CONDITIONS = "$(inherited) DEBUG";
				SWIFT_OPTIMIZATION_LEVEL = "-Onone";
				USE_HERMES = true;
				VERSIONING_SYSTEM = "apple-generic";
				VERSION_INFO_PREFIX = "";
			};
			name = Debug;
		};
		30DFDA152C485A70009F2ECC /* Release */ = {
			isa = XCBuildConfiguration;
			buildSettings = {
				ALWAYS_SEARCH_USER_PATHS = NO;
				ASSETCATALOG_COMPILER_GENERATE_SWIFT_ASSET_SYMBOL_EXTENSIONS = YES;
				CC = "";
				CLANG_ANALYZER_NONNULL = YES;
				CLANG_ANALYZER_NUMBER_OBJECT_CONVERSION = YES_AGGRESSIVE;
				CLANG_CXX_LANGUAGE_STANDARD = "c++20";
				CLANG_ENABLE_MODULES = YES;
				CLANG_ENABLE_OBJC_ARC = YES;
				CLANG_ENABLE_OBJC_WEAK = YES;
				CLANG_WARN_BLOCK_CAPTURE_AUTORELEASING = YES;
				CLANG_WARN_BOOL_CONVERSION = YES;
				CLANG_WARN_COMMA = YES;
				CLANG_WARN_CONSTANT_CONVERSION = YES;
				CLANG_WARN_DEPRECATED_OBJC_IMPLEMENTATIONS = YES;
				CLANG_WARN_DIRECT_OBJC_ISA_USAGE = YES_ERROR;
				CLANG_WARN_DOCUMENTATION_COMMENTS = YES;
				CLANG_WARN_EMPTY_BODY = YES;
				CLANG_WARN_ENUM_CONVERSION = YES;
				CLANG_WARN_INFINITE_RECURSION = YES;
				CLANG_WARN_INT_CONVERSION = YES;
				CLANG_WARN_NON_LITERAL_NULL_CONVERSION = YES;
				CLANG_WARN_OBJC_IMPLICIT_RETAIN_SELF = YES;
				CLANG_WARN_OBJC_LITERAL_CONVERSION = YES;
				CLANG_WARN_OBJC_ROOT_CLASS = YES_ERROR;
				CLANG_WARN_QUOTED_INCLUDE_IN_FRAMEWORK_HEADER = YES;
				CLANG_WARN_RANGE_LOOP_ANALYSIS = YES;
				CLANG_WARN_STRICT_PROTOTYPES = YES;
				CLANG_WARN_SUSPICIOUS_MOVE = YES;
				CLANG_WARN_UNGUARDED_AVAILABILITY = YES_AGGRESSIVE;
				CLANG_WARN_UNREACHABLE_CODE = YES;
				CLANG_WARN__DUPLICATE_METHOD_MATCH = YES;
				COPY_PHASE_STRIP = NO;
				CURRENT_PROJECT_VERSION = 1;
				CXX = "";
				DEBUG_INFORMATION_FORMAT = "dwarf-with-dsym";
				ENABLE_NS_ASSERTIONS = NO;
				ENABLE_STRICT_OBJC_MSGSEND = YES;
				ENABLE_USER_SCRIPT_SANDBOXING = YES;
				GCC_C_LANGUAGE_STANDARD = gnu17;
				GCC_NO_COMMON_BLOCKS = YES;
				GCC_WARN_64_TO_32_BIT_CONVERSION = YES;
				GCC_WARN_ABOUT_RETURN_TYPE = YES_ERROR;
				GCC_WARN_UNDECLARED_SELECTOR = YES;
				GCC_WARN_UNINITIALIZED_AUTOS = YES_AGGRESSIVE;
				GCC_WARN_UNUSED_FUNCTION = YES;
				GCC_WARN_UNUSED_VARIABLE = YES;
				HEADER_SEARCH_PATHS = (
					"$(inherited)",
					"${PODS_CONFIGURATION_BUILD_DIR}/ReactCommon/ReactCommon.framework/Headers",
					"${PODS_CONFIGURATION_BUILD_DIR}/ReactCommon/ReactCommon.framework/Headers/react/nativemodule/core",
					"${PODS_CONFIGURATION_BUILD_DIR}/ReactCommon-Samples/ReactCommon_Samples.framework/Headers",
					"${PODS_CONFIGURATION_BUILD_DIR}/ReactCommon-Samples/ReactCommon_Samples.framework/Headers/platform/ios",
					"${PODS_CONFIGURATION_BUILD_DIR}/React-Fabric/React_Fabric.framework/Headers/react/renderer/components/view/platform/cxx",
					"${PODS_CONFIGURATION_BUILD_DIR}/React-NativeModulesApple/React_NativeModulesApple.framework/Headers",
					"${PODS_CONFIGURATION_BUILD_DIR}/React-graphics/React_graphics.framework/Headers",
					"${PODS_CONFIGURATION_BUILD_DIR}/React-graphics/React_graphics.framework/Headers/react/renderer/graphics/platform/ios",
				);
				IPHONEOS_DEPLOYMENT_TARGET = 17.5;
				LD = "";
				LDPLUSPLUS = "";
				LOCALIZATION_PREFERS_STRING_CATALOGS = YES;
				MTL_ENABLE_DEBUG_INFO = NO;
				MTL_FAST_MATH = YES;
				OTHER_LDFLAGS = "$(inherited)";
				REACT_NATIVE_PATH = "${PODS_ROOT}/../../node_modules/react-native";
				SDKROOT = iphoneos;
				SWIFT_COMPILATION_MODE = wholemodule;
				USE_HERMES = true;
				VALIDATE_PRODUCT = YES;
				VERSIONING_SYSTEM = "apple-generic";
				VERSION_INFO_PREFIX = "";
			};
			name = Release;
		};
		30DFDA722C486677009F2ECC /* Debug */ = {
			isa = XCBuildConfiguration;
			baseConfigurationReference = 45892F0D2BCD200EADB05154 /* Pods-RNEmbraceCorePlaceholder.debug.xcconfig */;
			buildSettings = {
				BUILD_LIBRARY_FOR_DISTRIBUTION = NO;
				CLANG_ENABLE_MODULES = YES;
				CODE_SIGN_STYLE = Manual;
				CURRENT_PROJECT_VERSION = 1;
				DEFINES_MODULE = NO;
				DEVELOPMENT_TEAM = "";
				DYLIB_COMPATIBILITY_VERSION = 1;
				DYLIB_CURRENT_VERSION = 1;
				DYLIB_INSTALL_NAME_BASE = "@rpath";
				ENABLE_MODULE_VERIFIER = YES;
				ENABLE_USER_SCRIPT_SANDBOXING = NO;
				GENERATE_INFOPLIST_FILE = YES;
				INFOPLIST_KEY_NSHumanReadableCopyright = "";
				INSTALL_PATH = "$(LOCAL_LIBRARY_DIR)/Frameworks";
				LD_RUNPATH_SEARCH_PATHS = (
					"$(inherited)",
					"@executable_path/Frameworks",
					"@loader_path/Frameworks",
				);
				MARKETING_VERSION = 1.0;
				MODULE_VERIFIER_SUPPORTED_LANGUAGES = "objective-c objective-c++";
				MODULE_VERIFIER_SUPPORTED_LANGUAGE_STANDARDS = "gnu17 gnu++20";
				OTHER_LDFLAGS = (
					"$(inherited)",
					"-ObjC",
				);
				PODS_RESOURCES_TEMP_DIR = "$(DERIVED_FILE_DIR)";
				PRODUCT_BUNDLE_IDENTIFIER = io.embrace.RNEmbraceCore;
				PRODUCT_NAME = "$(TARGET_NAME:c99extidentifier)";
				PROVISIONING_PROFILE_SPECIFIER = "";
				SKIP_INSTALL = YES;
				SWIFT_EMIT_LOC_STRINGS = YES;
				SWIFT_INSTALL_OBJC_HEADER = NO;
				SWIFT_OBJC_BRIDGING_HEADER = "../../ios/RNEmbraceCore-Bridging-Header.h";
				SWIFT_OPTIMIZATION_LEVEL = "-Onone";
				SWIFT_VERSION = 5.0;
				TARGETED_DEVICE_FAMILY = "1,2";
			};
			name = Debug;
		};
		30DFDA732C486677009F2ECC /* Release */ = {
			isa = XCBuildConfiguration;
			baseConfigurationReference = C21EEE78D206AE6693E5AFEC /* Pods-RNEmbraceCorePlaceholder.release.xcconfig */;
			buildSettings = {
				BUILD_LIBRARY_FOR_DISTRIBUTION = NO;
				CLANG_ENABLE_MODULES = YES;
				CODE_SIGN_STYLE = Manual;
				CURRENT_PROJECT_VERSION = 1;
				DEFINES_MODULE = NO;
				DEVELOPMENT_TEAM = "";
				DYLIB_COMPATIBILITY_VERSION = 1;
				DYLIB_CURRENT_VERSION = 1;
				DYLIB_INSTALL_NAME_BASE = "@rpath";
				ENABLE_MODULE_VERIFIER = YES;
				ENABLE_USER_SCRIPT_SANDBOXING = NO;
				GENERATE_INFOPLIST_FILE = YES;
				INFOPLIST_KEY_NSHumanReadableCopyright = "";
				INSTALL_PATH = "$(LOCAL_LIBRARY_DIR)/Frameworks";
				LD_RUNPATH_SEARCH_PATHS = (
					"$(inherited)",
					"@executable_path/Frameworks",
					"@loader_path/Frameworks",
				);
				MARKETING_VERSION = 1.0;
				MODULE_VERIFIER_SUPPORTED_LANGUAGES = "objective-c objective-c++";
				MODULE_VERIFIER_SUPPORTED_LANGUAGE_STANDARDS = "gnu17 gnu++20";
				OTHER_LDFLAGS = (
					"$(inherited)",
					"-ObjC",
				);
				PODS_RESOURCES_TEMP_DIR = "$(DERIVED_FILE_DIR)";
				PRODUCT_BUNDLE_IDENTIFIER = io.embrace.RNEmbraceCore;
				PRODUCT_NAME = "$(TARGET_NAME:c99extidentifier)";
				PROVISIONING_PROFILE_SPECIFIER = "";
				SKIP_INSTALL = YES;
				SWIFT_EMIT_LOC_STRINGS = YES;
				SWIFT_INSTALL_OBJC_HEADER = NO;
				SWIFT_OBJC_BRIDGING_HEADER = "../../ios/RNEmbraceCore-Bridging-Header.h";
				SWIFT_VERSION = 5.0;
				TARGETED_DEVICE_FAMILY = "1,2";
			};
			name = Release;
		};
		30DFDA752C486677009F2ECC /* Debug */ = {
			isa = XCBuildConfiguration;
			baseConfigurationReference = 169F89163720696D3B756375 /* Pods-RNEmbraceCorePlaceholder-RNEmbraceCoreTests.debug.xcconfig */;
			buildSettings = {
				CODE_SIGN_STYLE = Automatic;
				CURRENT_PROJECT_VERSION = 1;
				DEVELOPMENT_TEAM = "";
				ENABLE_USER_SCRIPT_SANDBOXING = NO;
				GENERATE_INFOPLIST_FILE = YES;
				MARKETING_VERSION = 1.0;
				OTHER_LDFLAGS = (
					"$(inherited)",
					"-ObjC",
				);
				PRODUCT_BUNDLE_IDENTIFIER = io.embrace.RNEmbraceCoreTests;
				PRODUCT_NAME = "$(TARGET_NAME)";
				SWIFT_EMIT_LOC_STRINGS = NO;
				SWIFT_VERSION = 5.0;
				TARGETED_DEVICE_FAMILY = "1,2";
			};
			name = Debug;
		};
		30DFDA762C486677009F2ECC /* Release */ = {
			isa = XCBuildConfiguration;
			baseConfigurationReference = 8D444774AB9A34C8CF34510A /* Pods-RNEmbraceCorePlaceholder-RNEmbraceCoreTests.release.xcconfig */;
			buildSettings = {
				CODE_SIGN_STYLE = Automatic;
				CURRENT_PROJECT_VERSION = 1;
				DEVELOPMENT_TEAM = "";
				ENABLE_USER_SCRIPT_SANDBOXING = NO;
				GENERATE_INFOPLIST_FILE = YES;
				MARKETING_VERSION = 1.0;
				OTHER_LDFLAGS = (
					"$(inherited)",
					"-ObjC",
				);
				PRODUCT_BUNDLE_IDENTIFIER = io.embrace.RNEmbraceCoreTests;
				PRODUCT_NAME = "$(TARGET_NAME)";
				SWIFT_EMIT_LOC_STRINGS = NO;
				SWIFT_VERSION = 5.0;
				TARGETED_DEVICE_FAMILY = "1,2";
			};
			name = Release;
		};
/* End XCBuildConfiguration section */

/* Begin XCConfigurationList section */
		30DFDA092C485A70009F2ECC /* Build configuration list for PBXProject "RNEmbraceCoreTests" */ = {
			isa = XCConfigurationList;
			buildConfigurations = (
				30DFDA142C485A70009F2ECC /* Debug */,
				30DFDA152C485A70009F2ECC /* Release */,
			);
			defaultConfigurationIsVisible = 0;
			defaultConfigurationName = Release;
		};
		30DFDA712C486677009F2ECC /* Build configuration list for PBXNativeTarget "RNEmbraceCorePlaceholder" */ = {
			isa = XCConfigurationList;
			buildConfigurations = (
				30DFDA722C486677009F2ECC /* Debug */,
				30DFDA732C486677009F2ECC /* Release */,
			);
			defaultConfigurationIsVisible = 0;
			defaultConfigurationName = Release;
		};
		30DFDA742C486677009F2ECC /* Build configuration list for PBXNativeTarget "RNEmbraceCoreTests" */ = {
			isa = XCConfigurationList;
			buildConfigurations = (
				30DFDA752C486677009F2ECC /* Debug */,
				30DFDA762C486677009F2ECC /* Release */,
			);
			defaultConfigurationIsVisible = 0;
			defaultConfigurationName = Release;
		};
/* End XCConfigurationList section */
	};
	rootObject = 30DFDA062C485A70009F2ECC /* Project object */;
}
